// !$*UTF8*$!
{
	archiveVersion = 1;
	classes = {
	};
	objectVersion = 46;
	objects = {

/* Begin PBXBuildFile section */
		4D261540BE18780F0BABB107 /* libPods-HOIH.a in Frameworks */ = {isa = PBXBuildFile; fileRef = 3C541FA1C8D1B5C4A5129FAF /* libPods-HOIH.a */; };
		6764A3AB45D9C6580E53ABBB /* libPods-HOIHUITests.a in Frameworks */ = {isa = PBXBuildFile; fileRef = 3E86CA5AF6D9AE5A5A18165A /* libPods-HOIHUITests.a */; };
		9404D0B31D38CD66000CDA25 /* InvitationMapCell.m in Sources */ = {isa = PBXBuildFile; fileRef = 9404D0B21D38CD66000CDA25 /* InvitationMapCell.m */; };
		9404D0B61D38CF04000CDA25 /* InvitedMembersCollectionCell.m in Sources */ = {isa = PBXBuildFile; fileRef = 9404D0B51D38CF04000CDA25 /* InvitedMembersCollectionCell.m */; };
		9404D0BC1D38D254000CDA25 /* MemberCollectionCell.m in Sources */ = {isa = PBXBuildFile; fileRef = 9404D0BB1D38D254000CDA25 /* MemberCollectionCell.m */; };
		940B375D1D38317900F7AE8F /* Assets.xcassets in Resources */ = {isa = PBXBuildFile; fileRef = 940B375C1D38317900F7AE8F /* Assets.xcassets */; };
		943E37EC1CFDBDFB002BEFB3 /* ImageUtil.m in Sources */ = {isa = PBXBuildFile; fileRef = 943E37EB1CFDBDFB002BEFB3 /* ImageUtil.m */; };
		9448377E1D01D10D00D73DAE /* CDInvitation+CoreDataProperties.m in Sources */ = {isa = PBXBuildFile; fileRef = 9448377B1D01D10D00D73DAE /* CDInvitation+CoreDataProperties.m */; };
		9448377F1D01D10D00D73DAE /* CDInvitation.m in Sources */ = {isa = PBXBuildFile; fileRef = 9448377D1D01D10D00D73DAE /* CDInvitation.m */; };
		944D0BF91CFC6AB900BD998E /* InvitationTableViewController.m in Sources */ = {isa = PBXBuildFile; fileRef = 944D0BF81CFC6AB900BD998E /* InvitationTableViewController.m */; };
		944D0BFD1CFC74C000BD998E /* InvitationCell.m in Sources */ = {isa = PBXBuildFile; fileRef = 944D0BFC1CFC74C000BD998E /* InvitationCell.m */; };
		944D0C001CFC891F00BD998E /* InvitedLayer.m in Sources */ = {isa = PBXBuildFile; fileRef = 944D0BFF1CFC891F00BD998E /* InvitedLayer.m */; };
		94613BB91CFEDC0B008E517F /* HOIHHTTPClient.m in Sources */ = {isa = PBXBuildFile; fileRef = 94613BB81CFEDC0B008E517F /* HOIHHTTPClient.m */; };
		94613BCC1CFF0F45008E517F /* CDFriends.m in Sources */ = {isa = PBXBuildFile; fileRef = 94613BCA1CFF0F45008E517F /* CDFriends.m */; };
		94613BCF1CFF103D008E517F /* CDFriendsManager.m in Sources */ = {isa = PBXBuildFile; fileRef = 94613BCE1CFF103D008E517F /* CDFriendsManager.m */; };
		9467091E1D34D74A00298472 /* AddMemberController.m in Sources */ = {isa = PBXBuildFile; fileRef = 9467091D1D34D74A00298472 /* AddMemberController.m */; };
		946709221D351AD300298472 /* AddPlaceMapViewController.m in Sources */ = {isa = PBXBuildFile; fileRef = 946709211D351AD300298472 /* AddPlaceMapViewController.m */; };
		9472FD281D365F80001E1472 /* InvSendMessageCell.m in Sources */ = {isa = PBXBuildFile; fileRef = 9472FD271D365F80001E1472 /* InvSendMessageCell.m */; };
		9476AFB51D00D77800488C55 /* CDFriends+CoreDataProperties.m in Sources */ = {isa = PBXBuildFile; fileRef = 9476AFB41D00D77800488C55 /* CDFriends+CoreDataProperties.m */; };
		9476AFBC1D00DAD200488C55 /* CDInvitationManager.m in Sources */ = {isa = PBXBuildFile; fileRef = 9476AFBB1D00DAD200488C55 /* CDInvitationManager.m */; };
		949C20F81D33CD0C00F44003 /* TypePickerView.m in Sources */ = {isa = PBXBuildFile; fileRef = 949C20F71D33CD0C00F44003 /* TypePickerView.m */; };
		949C20FB1D33D2AB00F44003 /* AddInvitationController.m in Sources */ = {isa = PBXBuildFile; fileRef = 949C20FA1D33D2AB00F44003 /* AddInvitationController.m */; };
		949C20FD1D33D97F00F44003 /* MapKit.framework in Frameworks */ = {isa = PBXBuildFile; fileRef = 949C20FC1D33D97F00F44003 /* MapKit.framework */; };
		949C21041D33DF3600F44003 /* FriendsViewController.m in Sources */ = {isa = PBXBuildFile; fileRef = 949C21031D33DF3600F44003 /* FriendsViewController.m */; };
		949C21081D33E03400F44003 /* FriendInfoCell.m in Sources */ = {isa = PBXBuildFile; fileRef = 949C21071D33E03400F44003 /* FriendInfoCell.m */; };
		949C8DBF1D32DFA2002991D5 /* InvitationDetailViewController.m in Sources */ = {isa = PBXBuildFile; fileRef = 949C8DBE1D32DFA2002991D5 /* InvitationDetailViewController.m */; };
		949C8DC31D32DFCA002991D5 /* InvitationHeadCell.m in Sources */ = {isa = PBXBuildFile; fileRef = 949C8DC21D32DFCA002991D5 /* InvitationHeadCell.m */; };
		949C8DC61D32DFDA002991D5 /* InvitedMembersCell.m in Sources */ = {isa = PBXBuildFile; fileRef = 949C8DC51D32DFDA002991D5 /* InvitedMembersCell.m */; };
		949C8DC91D32DFEA002991D5 /* InvitationMessageCell.m in Sources */ = {isa = PBXBuildFile; fileRef = 949C8DC81D32DFEA002991D5 /* InvitationMessageCell.m */; };
		94BB081A1CF888D6006B477F /* main.m in Sources */ = {isa = PBXBuildFile; fileRef = 94BB08191CF888D6006B477F /* main.m */; };
		94BB081D1CF888D6006B477F /* AppDelegate.m in Sources */ = {isa = PBXBuildFile; fileRef = 94BB081C1CF888D6006B477F /* AppDelegate.m */; };
		94BB08201CF888D6006B477F /* ViewController.m in Sources */ = {isa = PBXBuildFile; fileRef = 94BB081F1CF888D6006B477F /* ViewController.m */; };
		94BB08231CF888D6006B477F /* Main.storyboard in Resources */ = {isa = PBXBuildFile; fileRef = 94BB08211CF888D6006B477F /* Main.storyboard */; };
		94BB08261CF888D6006B477F /* HOIH.xcdatamodeld in Sources */ = {isa = PBXBuildFile; fileRef = 94BB08241CF888D6006B477F /* HOIH.xcdatamodeld */; };
		94BB082B1CF888D6006B477F /* LaunchScreen.storyboard in Resources */ = {isa = PBXBuildFile; fileRef = 94BB08291CF888D6006B477F /* LaunchScreen.storyboard */; };
		94BB08361CF888D6006B477F /* HOIHTests.m in Sources */ = {isa = PBXBuildFile; fileRef = 94BB08351CF888D6006B477F /* HOIHTests.m */; };
		94BB08411CF888D6006B477F /* HOIHUITests.m in Sources */ = {isa = PBXBuildFile; fileRef = 94BB08401CF888D6006B477F /* HOIHUITests.m */; };
		94D0478F1D096715008161FB /* HOIHUserInfo.m in Sources */ = {isa = PBXBuildFile; fileRef = 94D0478E1D096715008161FB /* HOIHUserInfo.m */; };
		94DBE4231D369DD200AB432F /* CDMessage+CoreDataProperties.m in Sources */ = {isa = PBXBuildFile; fileRef = 94DBE4201D369DD200AB432F /* CDMessage+CoreDataProperties.m */; };
		94DBE4241D369DD200AB432F /* CDMessage.m in Sources */ = {isa = PBXBuildFile; fileRef = 94DBE4221D369DD200AB432F /* CDMessage.m */; };
		94DBE4271D369F8900AB432F /* CDMessageManager.m in Sources */ = {isa = PBXBuildFile; fileRef = 94DBE4261D369F8900AB432F /* CDMessageManager.m */; };
		94E45AD01D001FB700EF976D /* HOIHConfigure.m in Sources */ = {isa = PBXBuildFile; fileRef = 94E45ACF1D001FB700EF976D /* HOIHConfigure.m */; };
		94E45AD41D002EAF00EF976D /* DateUtil.m in Sources */ = {isa = PBXBuildFile; fileRef = 94E45AD31D002EAF00EF976D /* DateUtil.m */; };
		94E45AD81D006AF800EF976D /* HOIHDataManager.m in Sources */ = {isa = PBXBuildFile; fileRef = 94E45AD71D006AF800EF976D /* HOIHDataManager.m */; };
		C83CF9857DFB4AB66FFE7E03 /* libPods-HOIHTests.a in Frameworks */ = {isa = PBXBuildFile; fileRef = BA5708ADC7C8C66737AD5105 /* libPods-HOIHTests.a */; };
/* End PBXBuildFile section */

/* Begin PBXContainerItemProxy section */
		94BB08321CF888D6006B477F /* PBXContainerItemProxy */ = {
			isa = PBXContainerItemProxy;
			containerPortal = 94BB080D1CF888D5006B477F /* Project object */;
			proxyType = 1;
			remoteGlobalIDString = 94BB08141CF888D5006B477F;
			remoteInfo = HOIH;
		};
		94BB083D1CF888D6006B477F /* PBXContainerItemProxy */ = {
			isa = PBXContainerItemProxy;
			containerPortal = 94BB080D1CF888D5006B477F /* Project object */;
			proxyType = 1;
			remoteGlobalIDString = 94BB08141CF888D5006B477F;
			remoteInfo = HOIH;
		};
/* End PBXContainerItemProxy section */

/* Begin PBXFileReference section */
		3C541FA1C8D1B5C4A5129FAF /* libPods-HOIH.a */ = {isa = PBXFileReference; explicitFileType = archive.ar; includeInIndex = 0; path = "libPods-HOIH.a"; sourceTree = BUILT_PRODUCTS_DIR; };
		3E86CA5AF6D9AE5A5A18165A /* libPods-HOIHUITests.a */ = {isa = PBXFileReference; explicitFileType = archive.ar; includeInIndex = 0; path = "libPods-HOIHUITests.a"; sourceTree = BUILT_PRODUCTS_DIR; };
		7A4145DEBE038ECF0818C12D /* Pods-HOIHUITests.release.xcconfig */ = {isa = PBXFileReference; includeInIndex = 1; lastKnownFileType = text.xcconfig; name = "Pods-HOIHUITests.release.xcconfig"; path = "Pods/Target Support Files/Pods-HOIHUITests/Pods-HOIHUITests.release.xcconfig"; sourceTree = "<group>"; };
		7A5007D4468B236F20B720D7 /* Pods-HOIHUITests.debug.xcconfig */ = {isa = PBXFileReference; includeInIndex = 1; lastKnownFileType = text.xcconfig; name = "Pods-HOIHUITests.debug.xcconfig"; path = "Pods/Target Support Files/Pods-HOIHUITests/Pods-HOIHUITests.debug.xcconfig"; sourceTree = "<group>"; };
		9404D0B11D38CD66000CDA25 /* InvitationMapCell.h */ = {isa = PBXFileReference; fileEncoding = 4; lastKnownFileType = sourcecode.c.h; path = InvitationMapCell.h; sourceTree = "<group>"; };
		9404D0B21D38CD66000CDA25 /* InvitationMapCell.m */ = {isa = PBXFileReference; fileEncoding = 4; lastKnownFileType = sourcecode.c.objc; path = InvitationMapCell.m; sourceTree = "<group>"; };
		9404D0B41D38CF04000CDA25 /* InvitedMembersCollectionCell.h */ = {isa = PBXFileReference; fileEncoding = 4; lastKnownFileType = sourcecode.c.h; path = InvitedMembersCollectionCell.h; sourceTree = "<group>"; };
		9404D0B51D38CF04000CDA25 /* InvitedMembersCollectionCell.m */ = {isa = PBXFileReference; fileEncoding = 4; lastKnownFileType = sourcecode.c.objc; path = InvitedMembersCollectionCell.m; sourceTree = "<group>"; };
		9404D0BA1D38D254000CDA25 /* MemberCollectionCell.h */ = {isa = PBXFileReference; fileEncoding = 4; lastKnownFileType = sourcecode.c.h; path = MemberCollectionCell.h; sourceTree = "<group>"; };
		9404D0BB1D38D254000CDA25 /* MemberCollectionCell.m */ = {isa = PBXFileReference; fileEncoding = 4; lastKnownFileType = sourcecode.c.objc; path = MemberCollectionCell.m; sourceTree = "<group>"; };
		940B375C1D38317900F7AE8F /* Assets.xcassets */ = {isa = PBXFileReference; lastKnownFileType = folder.assetcatalog; path = Assets.xcassets; sourceTree = "<group>"; };
		943E37EA1CFDBDFB002BEFB3 /* ImageUtil.h */ = {isa = PBXFileReference; fileEncoding = 4; lastKnownFileType = sourcecode.c.h; path = ImageUtil.h; sourceTree = "<group>"; };
		943E37EB1CFDBDFB002BEFB3 /* ImageUtil.m */ = {isa = PBXFileReference; fileEncoding = 4; lastKnownFileType = sourcecode.c.objc; path = ImageUtil.m; sourceTree = "<group>"; };
		9448377A1D01D10D00D73DAE /* CDInvitation+CoreDataProperties.h */ = {isa = PBXFileReference; fileEncoding = 4; lastKnownFileType = sourcecode.c.h; path = "CDInvitation+CoreDataProperties.h"; sourceTree = "<group>"; };
		9448377B1D01D10D00D73DAE /* CDInvitation+CoreDataProperties.m */ = {isa = PBXFileReference; fileEncoding = 4; lastKnownFileType = sourcecode.c.objc; path = "CDInvitation+CoreDataProperties.m"; sourceTree = "<group>"; };
		9448377C1D01D10D00D73DAE /* CDInvitation.h */ = {isa = PBXFileReference; fileEncoding = 4; lastKnownFileType = sourcecode.c.h; path = CDInvitation.h; sourceTree = "<group>"; };
		9448377D1D01D10D00D73DAE /* CDInvitation.m */ = {isa = PBXFileReference; fileEncoding = 4; lastKnownFileType = sourcecode.c.objc; path = CDInvitation.m; sourceTree = "<group>"; };
		944D0BF71CFC6AB900BD998E /* InvitationTableViewController.h */ = {isa = PBXFileReference; fileEncoding = 4; lastKnownFileType = sourcecode.c.h; path = InvitationTableViewController.h; sourceTree = "<group>"; };
		944D0BF81CFC6AB900BD998E /* InvitationTableViewController.m */ = {isa = PBXFileReference; fileEncoding = 4; lastKnownFileType = sourcecode.c.objc; path = InvitationTableViewController.m; sourceTree = "<group>"; };
		944D0BFB1CFC74C000BD998E /* InvitationCell.h */ = {isa = PBXFileReference; fileEncoding = 4; lastKnownFileType = sourcecode.c.h; path = InvitationCell.h; sourceTree = "<group>"; };
		944D0BFC1CFC74C000BD998E /* InvitationCell.m */ = {isa = PBXFileReference; fileEncoding = 4; lastKnownFileType = sourcecode.c.objc; path = InvitationCell.m; sourceTree = "<group>"; };
		944D0BFE1CFC891F00BD998E /* InvitedLayer.h */ = {isa = PBXFileReference; fileEncoding = 4; lastKnownFileType = sourcecode.c.h; path = InvitedLayer.h; sourceTree = "<group>"; };
		944D0BFF1CFC891F00BD998E /* InvitedLayer.m */ = {isa = PBXFileReference; fileEncoding = 4; lastKnownFileType = sourcecode.c.objc; path = InvitedLayer.m; sourceTree = "<group>"; };
		94613BB71CFEDC0B008E517F /* HOIHHTTPClient.h */ = {isa = PBXFileReference; fileEncoding = 4; lastKnownFileType = sourcecode.c.h; path = HOIHHTTPClient.h; sourceTree = "<group>"; };
		94613BB81CFEDC0B008E517F /* HOIHHTTPClient.m */ = {isa = PBXFileReference; fileEncoding = 4; lastKnownFileType = sourcecode.c.objc; path = HOIHHTTPClient.m; sourceTree = "<group>"; };
		94613BC91CFF0F45008E517F /* CDFriends.h */ = {isa = PBXFileReference; fileEncoding = 4; lastKnownFileType = sourcecode.c.h; path = CDFriends.h; sourceTree = "<group>"; };
		94613BCA1CFF0F45008E517F /* CDFriends.m */ = {isa = PBXFileReference; fileEncoding = 4; lastKnownFileType = sourcecode.c.objc; path = CDFriends.m; sourceTree = "<group>"; };
		94613BCD1CFF103D008E517F /* CDFriendsManager.h */ = {isa = PBXFileReference; fileEncoding = 4; lastKnownFileType = sourcecode.c.h; path = CDFriendsManager.h; sourceTree = "<group>"; };
		94613BCE1CFF103D008E517F /* CDFriendsManager.m */ = {isa = PBXFileReference; fileEncoding = 4; lastKnownFileType = sourcecode.c.objc; path = CDFriendsManager.m; sourceTree = "<group>"; };
		9467091C1D34D74A00298472 /* AddMemberController.h */ = {isa = PBXFileReference; fileEncoding = 4; lastKnownFileType = sourcecode.c.h; path = AddMemberController.h; sourceTree = "<group>"; };
		9467091D1D34D74A00298472 /* AddMemberController.m */ = {isa = PBXFileReference; fileEncoding = 4; lastKnownFileType = sourcecode.c.objc; path = AddMemberController.m; sourceTree = "<group>"; };
		946709201D351AD300298472 /* AddPlaceMapViewController.h */ = {isa = PBXFileReference; fileEncoding = 4; lastKnownFileType = sourcecode.c.h; path = AddPlaceMapViewController.h; sourceTree = "<group>"; };
		946709211D351AD300298472 /* AddPlaceMapViewController.m */ = {isa = PBXFileReference; fileEncoding = 4; lastKnownFileType = sourcecode.c.objc; path = AddPlaceMapViewController.m; sourceTree = "<group>"; };
		9472FD261D365F80001E1472 /* InvSendMessageCell.h */ = {isa = PBXFileReference; fileEncoding = 4; lastKnownFileType = sourcecode.c.h; path = InvSendMessageCell.h; sourceTree = "<group>"; };
		9472FD271D365F80001E1472 /* InvSendMessageCell.m */ = {isa = PBXFileReference; fileEncoding = 4; lastKnownFileType = sourcecode.c.objc; path = InvSendMessageCell.m; sourceTree = "<group>"; };
		9476AFB31D00D77800488C55 /* CDFriends+CoreDataProperties.h */ = {isa = PBXFileReference; fileEncoding = 4; lastKnownFileType = sourcecode.c.h; path = "CDFriends+CoreDataProperties.h"; sourceTree = "<group>"; };
		9476AFB41D00D77800488C55 /* CDFriends+CoreDataProperties.m */ = {isa = PBXFileReference; fileEncoding = 4; lastKnownFileType = sourcecode.c.objc; path = "CDFriends+CoreDataProperties.m"; sourceTree = "<group>"; };
		9476AFBA1D00DAD200488C55 /* CDInvitationManager.h */ = {isa = PBXFileReference; fileEncoding = 4; lastKnownFileType = sourcecode.c.h; path = CDInvitationManager.h; sourceTree = "<group>"; };
		9476AFBB1D00DAD200488C55 /* CDInvitationManager.m */ = {isa = PBXFileReference; fileEncoding = 4; lastKnownFileType = sourcecode.c.objc; path = CDInvitationManager.m; sourceTree = "<group>"; };
		949C20F61D33CD0C00F44003 /* TypePickerView.h */ = {isa = PBXFileReference; fileEncoding = 4; lastKnownFileType = sourcecode.c.h; path = TypePickerView.h; sourceTree = "<group>"; };
		949C20F71D33CD0C00F44003 /* TypePickerView.m */ = {isa = PBXFileReference; fileEncoding = 4; lastKnownFileType = sourcecode.c.objc; path = TypePickerView.m; sourceTree = "<group>"; };
		949C20F91D33D2AB00F44003 /* AddInvitationController.h */ = {isa = PBXFileReference; fileEncoding = 4; lastKnownFileType = sourcecode.c.h; path = AddInvitationController.h; sourceTree = "<group>"; };
		949C20FA1D33D2AB00F44003 /* AddInvitationController.m */ = {isa = PBXFileReference; fileEncoding = 4; lastKnownFileType = sourcecode.c.objc; path = AddInvitationController.m; sourceTree = "<group>"; };
		949C20FC1D33D97F00F44003 /* MapKit.framework */ = {isa = PBXFileReference; lastKnownFileType = wrapper.framework; name = MapKit.framework; path = System/Library/Frameworks/MapKit.framework; sourceTree = SDKROOT; };
		949C21021D33DF3600F44003 /* FriendsViewController.h */ = {isa = PBXFileReference; fileEncoding = 4; lastKnownFileType = sourcecode.c.h; path = FriendsViewController.h; sourceTree = "<group>"; };
		949C21031D33DF3600F44003 /* FriendsViewController.m */ = {isa = PBXFileReference; fileEncoding = 4; lastKnownFileType = sourcecode.c.objc; path = FriendsViewController.m; sourceTree = "<group>"; };
		949C21061D33E03400F44003 /* FriendInfoCell.h */ = {isa = PBXFileReference; fileEncoding = 4; lastKnownFileType = sourcecode.c.h; path = FriendInfoCell.h; sourceTree = "<group>"; };
		949C21071D33E03400F44003 /* FriendInfoCell.m */ = {isa = PBXFileReference; fileEncoding = 4; lastKnownFileType = sourcecode.c.objc; path = FriendInfoCell.m; sourceTree = "<group>"; };
		949C8DBD1D32DFA2002991D5 /* InvitationDetailViewController.h */ = {isa = PBXFileReference; fileEncoding = 4; lastKnownFileType = sourcecode.c.h; path = InvitationDetailViewController.h; sourceTree = "<group>"; };
		949C8DBE1D32DFA2002991D5 /* InvitationDetailViewController.m */ = {isa = PBXFileReference; fileEncoding = 4; lastKnownFileType = sourcecode.c.objc; path = InvitationDetailViewController.m; sourceTree = "<group>"; };
		949C8DC11D32DFCA002991D5 /* InvitationHeadCell.h */ = {isa = PBXFileReference; fileEncoding = 4; lastKnownFileType = sourcecode.c.h; path = InvitationHeadCell.h; sourceTree = "<group>"; };
		949C8DC21D32DFCA002991D5 /* InvitationHeadCell.m */ = {isa = PBXFileReference; fileEncoding = 4; lastKnownFileType = sourcecode.c.objc; path = InvitationHeadCell.m; sourceTree = "<group>"; };
		949C8DC41D32DFDA002991D5 /* InvitedMembersCell.h */ = {isa = PBXFileReference; fileEncoding = 4; lastKnownFileType = sourcecode.c.h; path = InvitedMembersCell.h; sourceTree = "<group>"; };
		949C8DC51D32DFDA002991D5 /* InvitedMembersCell.m */ = {isa = PBXFileReference; fileEncoding = 4; lastKnownFileType = sourcecode.c.objc; path = InvitedMembersCell.m; sourceTree = "<group>"; };
		949C8DC71D32DFEA002991D5 /* InvitationMessageCell.h */ = {isa = PBXFileReference; fileEncoding = 4; lastKnownFileType = sourcecode.c.h; path = InvitationMessageCell.h; sourceTree = "<group>"; };
		949C8DC81D32DFEA002991D5 /* InvitationMessageCell.m */ = {isa = PBXFileReference; fileEncoding = 4; lastKnownFileType = sourcecode.c.objc; path = InvitationMessageCell.m; sourceTree = "<group>"; };
		94BB08151CF888D5006B477F /* HOIH.app */ = {isa = PBXFileReference; explicitFileType = wrapper.application; includeInIndex = 0; path = HOIH.app; sourceTree = BUILT_PRODUCTS_DIR; };
		94BB08191CF888D6006B477F /* main.m */ = {isa = PBXFileReference; lastKnownFileType = sourcecode.c.objc; path = main.m; sourceTree = "<group>"; };
		94BB081B1CF888D6006B477F /* AppDelegate.h */ = {isa = PBXFileReference; lastKnownFileType = sourcecode.c.h; path = AppDelegate.h; sourceTree = "<group>"; };
		94BB081C1CF888D6006B477F /* AppDelegate.m */ = {isa = PBXFileReference; lastKnownFileType = sourcecode.c.objc; path = AppDelegate.m; sourceTree = "<group>"; };
		94BB081E1CF888D6006B477F /* ViewController.h */ = {isa = PBXFileReference; lastKnownFileType = sourcecode.c.h; path = ViewController.h; sourceTree = "<group>"; };
		94BB081F1CF888D6006B477F /* ViewController.m */ = {isa = PBXFileReference; lastKnownFileType = sourcecode.c.objc; path = ViewController.m; sourceTree = "<group>"; };
		94BB08221CF888D6006B477F /* Base */ = {isa = PBXFileReference; lastKnownFileType = file.storyboard; name = Base; path = Base.lproj/Main.storyboard; sourceTree = "<group>"; };
		94BB08251CF888D6006B477F /* HOIH.xcdatamodel */ = {isa = PBXFileReference; lastKnownFileType = wrapper.xcdatamodel; path = HOIH.xcdatamodel; sourceTree = "<group>"; };
		94BB082A1CF888D6006B477F /* Base */ = {isa = PBXFileReference; lastKnownFileType = file.storyboard; name = Base; path = Base.lproj/LaunchScreen.storyboard; sourceTree = "<group>"; };
		94BB082C1CF888D6006B477F /* Info.plist */ = {isa = PBXFileReference; lastKnownFileType = text.plist.xml; path = Info.plist; sourceTree = "<group>"; };
		94BB08311CF888D6006B477F /* HOIHTests.xctest */ = {isa = PBXFileReference; explicitFileType = wrapper.cfbundle; includeInIndex = 0; path = HOIHTests.xctest; sourceTree = BUILT_PRODUCTS_DIR; };
		94BB08351CF888D6006B477F /* HOIHTests.m */ = {isa = PBXFileReference; lastKnownFileType = sourcecode.c.objc; path = HOIHTests.m; sourceTree = "<group>"; };
		94BB08371CF888D6006B477F /* Info.plist */ = {isa = PBXFileReference; lastKnownFileType = text.plist.xml; path = Info.plist; sourceTree = "<group>"; };
		94BB083C1CF888D6006B477F /* HOIHUITests.xctest */ = {isa = PBXFileReference; explicitFileType = wrapper.cfbundle; includeInIndex = 0; path = HOIHUITests.xctest; sourceTree = BUILT_PRODUCTS_DIR; };
		94BB08401CF888D6006B477F /* HOIHUITests.m */ = {isa = PBXFileReference; lastKnownFileType = sourcecode.c.objc; path = HOIHUITests.m; sourceTree = "<group>"; };
		94BB08421CF888D6006B477F /* Info.plist */ = {isa = PBXFileReference; lastKnownFileType = text.plist.xml; path = Info.plist; sourceTree = "<group>"; };
		94D0478D1D096715008161FB /* HOIHUserInfo.h */ = {isa = PBXFileReference; fileEncoding = 4; lastKnownFileType = sourcecode.c.h; path = HOIHUserInfo.h; sourceTree = "<group>"; };
		94D0478E1D096715008161FB /* HOIHUserInfo.m */ = {isa = PBXFileReference; fileEncoding = 4; lastKnownFileType = sourcecode.c.objc; path = HOIHUserInfo.m; sourceTree = "<group>"; };
		94DBE41F1D369DD200AB432F /* CDMessage+CoreDataProperties.h */ = {isa = PBXFileReference; fileEncoding = 4; lastKnownFileType = sourcecode.c.h; path = "CDMessage+CoreDataProperties.h"; sourceTree = "<group>"; };
		94DBE4201D369DD200AB432F /* CDMessage+CoreDataProperties.m */ = {isa = PBXFileReference; fileEncoding = 4; lastKnownFileType = sourcecode.c.objc; path = "CDMessage+CoreDataProperties.m"; sourceTree = "<group>"; };
		94DBE4211D369DD200AB432F /* CDMessage.h */ = {isa = PBXFileReference; fileEncoding = 4; lastKnownFileType = sourcecode.c.h; path = CDMessage.h; sourceTree = "<group>"; };
		94DBE4221D369DD200AB432F /* CDMessage.m */ = {isa = PBXFileReference; fileEncoding = 4; lastKnownFileType = sourcecode.c.objc; path = CDMessage.m; sourceTree = "<group>"; };
		94DBE4251D369F8900AB432F /* CDMessageManager.h */ = {isa = PBXFileReference; fileEncoding = 4; lastKnownFileType = sourcecode.c.h; path = CDMessageManager.h; sourceTree = "<group>"; };
		94DBE4261D369F8900AB432F /* CDMessageManager.m */ = {isa = PBXFileReference; fileEncoding = 4; lastKnownFileType = sourcecode.c.objc; path = CDMessageManager.m; sourceTree = "<group>"; };
		94E45ACE1D001FB700EF976D /* HOIHConfigure.h */ = {isa = PBXFileReference; fileEncoding = 4; lastKnownFileType = sourcecode.c.h; path = HOIHConfigure.h; sourceTree = "<group>"; };
		94E45ACF1D001FB700EF976D /* HOIHConfigure.m */ = {isa = PBXFileReference; fileEncoding = 4; lastKnownFileType = sourcecode.c.objc; path = HOIHConfigure.m; sourceTree = "<group>"; };
		94E45AD21D002EAF00EF976D /* DateUtil.h */ = {isa = PBXFileReference; fileEncoding = 4; lastKnownFileType = sourcecode.c.h; path = DateUtil.h; sourceTree = "<group>"; };
		94E45AD31D002EAF00EF976D /* DateUtil.m */ = {isa = PBXFileReference; fileEncoding = 4; lastKnownFileType = sourcecode.c.objc; path = DateUtil.m; sourceTree = "<group>"; };
		94E45AD61D006AF800EF976D /* HOIHDataManager.h */ = {isa = PBXFileReference; fileEncoding = 4; lastKnownFileType = sourcecode.c.h; path = HOIHDataManager.h; sourceTree = "<group>"; };
		94E45AD71D006AF800EF976D /* HOIHDataManager.m */ = {isa = PBXFileReference; fileEncoding = 4; lastKnownFileType = sourcecode.c.objc; path = HOIHDataManager.m; sourceTree = "<group>"; };
		A720A15FC512E0AA572AC00A /* Pods-HOIHTests.release.xcconfig */ = {isa = PBXFileReference; includeInIndex = 1; lastKnownFileType = text.xcconfig; name = "Pods-HOIHTests.release.xcconfig"; path = "Pods/Target Support Files/Pods-HOIHTests/Pods-HOIHTests.release.xcconfig"; sourceTree = "<group>"; };
		BA5708ADC7C8C66737AD5105 /* libPods-HOIHTests.a */ = {isa = PBXFileReference; explicitFileType = archive.ar; includeInIndex = 0; path = "libPods-HOIHTests.a"; sourceTree = BUILT_PRODUCTS_DIR; };
		C662E85F5FE36D4B4E153215 /* Pods-HOIH.debug.xcconfig */ = {isa = PBXFileReference; includeInIndex = 1; lastKnownFileType = text.xcconfig; name = "Pods-HOIH.debug.xcconfig"; path = "Pods/Target Support Files/Pods-HOIH/Pods-HOIH.debug.xcconfig"; sourceTree = "<group>"; };
		CB5075228D97DDF92D11ECB0 /* Pods-HOIH.release.xcconfig */ = {isa = PBXFileReference; includeInIndex = 1; lastKnownFileType = text.xcconfig; name = "Pods-HOIH.release.xcconfig"; path = "Pods/Target Support Files/Pods-HOIH/Pods-HOIH.release.xcconfig"; sourceTree = "<group>"; };
		F01068611DAEC5C6F198FAB9 /* Pods-HOIHTests.debug.xcconfig */ = {isa = PBXFileReference; includeInIndex = 1; lastKnownFileType = text.xcconfig; name = "Pods-HOIHTests.debug.xcconfig"; path = "Pods/Target Support Files/Pods-HOIHTests/Pods-HOIHTests.debug.xcconfig"; sourceTree = "<group>"; };
/* End PBXFileReference section */

/* Begin PBXFrameworksBuildPhase section */
		94BB08121CF888D5006B477F /* Frameworks */ = {
			isa = PBXFrameworksBuildPhase;
			buildActionMask = 2147483647;
			files = (
				949C20FD1D33D97F00F44003 /* MapKit.framework in Frameworks */,
				4D261540BE18780F0BABB107 /* libPods-HOIH.a in Frameworks */,
			);
			runOnlyForDeploymentPostprocessing = 0;
		};
		94BB082E1CF888D6006B477F /* Frameworks */ = {
			isa = PBXFrameworksBuildPhase;
			buildActionMask = 2147483647;
			files = (
				C83CF9857DFB4AB66FFE7E03 /* libPods-HOIHTests.a in Frameworks */,
			);
			runOnlyForDeploymentPostprocessing = 0;
		};
		94BB08391CF888D6006B477F /* Frameworks */ = {
			isa = PBXFrameworksBuildPhase;
			buildActionMask = 2147483647;
			files = (
				6764A3AB45D9C6580E53ABBB /* libPods-HOIHUITests.a in Frameworks */,
			);
			runOnlyForDeploymentPostprocessing = 0;
		};
/* End PBXFrameworksBuildPhase section */

/* Begin PBXGroup section */
		4C7029B12D815C358B3F9718 /* Pods */ = {
			isa = PBXGroup;
			children = (
				C662E85F5FE36D4B4E153215 /* Pods-HOIH.debug.xcconfig */,
				CB5075228D97DDF92D11ECB0 /* Pods-HOIH.release.xcconfig */,
				F01068611DAEC5C6F198FAB9 /* Pods-HOIHTests.debug.xcconfig */,
				A720A15FC512E0AA572AC00A /* Pods-HOIHTests.release.xcconfig */,
				7A5007D4468B236F20B720D7 /* Pods-HOIHUITests.debug.xcconfig */,
				7A4145DEBE038ECF0818C12D /* Pods-HOIHUITests.release.xcconfig */,
			);
			name = Pods;
			sourceTree = "<group>";
		};
		9404D0B71D38D1BD000CDA25 /* BasicInfo */ = {
			isa = PBXGroup;
			children = (
				949C8DC11D32DFCA002991D5 /* InvitationHeadCell.h */,
				949C8DC21D32DFCA002991D5 /* InvitationHeadCell.m */,
				9404D0B11D38CD66000CDA25 /* InvitationMapCell.h */,
				9404D0B21D38CD66000CDA25 /* InvitationMapCell.m */,
			);
			name = BasicInfo;
			sourceTree = "<group>";
		};
		9404D0B81D38D1DE000CDA25 /* Members */ = {
			isa = PBXGroup;
			children = (
				949C8DC41D32DFDA002991D5 /* InvitedMembersCell.h */,
				949C8DC51D32DFDA002991D5 /* InvitedMembersCell.m */,
				9404D0B41D38CF04000CDA25 /* InvitedMembersCollectionCell.h */,
				9404D0B51D38CF04000CDA25 /* InvitedMembersCollectionCell.m */,
				9404D0BA1D38D254000CDA25 /* MemberCollectionCell.h */,
				9404D0BB1D38D254000CDA25 /* MemberCollectionCell.m */,
			);
			name = Members;
			sourceTree = "<group>";
		};
		9404D0B91D38D1F0000CDA25 /* Messages */ = {
			isa = PBXGroup;
			children = (
				949C8DC71D32DFEA002991D5 /* InvitationMessageCell.h */,
				949C8DC81D32DFEA002991D5 /* InvitationMessageCell.m */,
				9472FD261D365F80001E1472 /* InvSendMessageCell.h */,
				9472FD271D365F80001E1472 /* InvSendMessageCell.m */,
			);
			name = Messages;
			sourceTree = "<group>";
		};
		943E37E91CFDBDE7002BEFB3 /* ImageUtil */ = {
			isa = PBXGroup;
			children = (
				943E37EA1CFDBDFB002BEFB3 /* ImageUtil.h */,
				943E37EB1CFDBDFB002BEFB3 /* ImageUtil.m */,
			);
			name = ImageUtil;
			sourceTree = "<group>";
		};
		944837861D01D1F500D73DAE /* DataSource */ = {
			isa = PBXGroup;
			children = (
				9448377A1D01D10D00D73DAE /* CDInvitation+CoreDataProperties.h */,
				9448377B1D01D10D00D73DAE /* CDInvitation+CoreDataProperties.m */,
				9448377C1D01D10D00D73DAE /* CDInvitation.h */,
				9448377D1D01D10D00D73DAE /* CDInvitation.m */,
			);
			name = DataSource;
			sourceTree = "<group>";
		};
		944D0BF61CFC69DD00BD998E /* Invitation */ = {
			isa = PBXGroup;
			children = (
				944D0BF71CFC6AB900BD998E /* InvitationTableViewController.h */,
				944D0BF81CFC6AB900BD998E /* InvitationTableViewController.m */,
				944D0BFA1CFC73D100BD998E /* Cell */,
				9476AFB91D00DA6D00488C55 /* InvitationDataSource */,
			);
			name = Invitation;
			sourceTree = "<group>";
		};
		944D0BFA1CFC73D100BD998E /* Cell */ = {
			isa = PBXGroup;
			children = (
				944D0BFB1CFC74C000BD998E /* InvitationCell.h */,
				944D0BFC1CFC74C000BD998E /* InvitationCell.m */,
				944D0BFE1CFC891F00BD998E /* InvitedLayer.h */,
				944D0BFF1CFC891F00BD998E /* InvitedLayer.m */,
			);
			name = Cell;
			sourceTree = "<group>";
		};
		94613BB61CFED9C5008E517F /* Network */ = {
			isa = PBXGroup;
			children = (
				94613BB71CFEDC0B008E517F /* HOIHHTTPClient.h */,
				94613BB81CFEDC0B008E517F /* HOIHHTTPClient.m */,
			);
			name = Network;
			sourceTree = "<group>";
		};
		94613BBA1CFF0EA9008E517F /* Friends Data Source */ = {
			isa = PBXGroup;
			children = (
				9476AFB31D00D77800488C55 /* CDFriends+CoreDataProperties.h */,
				9476AFB41D00D77800488C55 /* CDFriends+CoreDataProperties.m */,
				94613BC91CFF0F45008E517F /* CDFriends.h */,
				94613BCA1CFF0F45008E517F /* CDFriends.m */,
				94613BCD1CFF103D008E517F /* CDFriendsManager.h */,
				94613BCE1CFF103D008E517F /* CDFriendsManager.m */,
			);
			name = "Friends Data Source";
			sourceTree = "<group>";
		};
		9467091B1D34D72B00298472 /* Add Member */ = {
			isa = PBXGroup;
			children = (
				9467091C1D34D74A00298472 /* AddMemberController.h */,
				9467091D1D34D74A00298472 /* AddMemberController.m */,
			);
			name = "Add Member";
			sourceTree = "<group>";
		};
		9467091F1D351AB000298472 /* MapView */ = {
			isa = PBXGroup;
			children = (
				946709201D351AD300298472 /* AddPlaceMapViewController.h */,
				946709211D351AD300298472 /* AddPlaceMapViewController.m */,
			);
			name = MapView;
			sourceTree = "<group>";
		};
		9472FD291D368197001E1472 /* Message */ = {
			isa = PBXGroup;
			children = (
				94DBE41F1D369DD200AB432F /* CDMessage+CoreDataProperties.h */,
				94DBE4201D369DD200AB432F /* CDMessage+CoreDataProperties.m */,
				94DBE4211D369DD200AB432F /* CDMessage.h */,
				94DBE4221D369DD200AB432F /* CDMessage.m */,
				94DBE4251D369F8900AB432F /* CDMessageManager.h */,
				94DBE4261D369F8900AB432F /* CDMessageManager.m */,
			);
			name = Message;
			sourceTree = "<group>";
		};
		9476AFB91D00DA6D00488C55 /* InvitationDataSource */ = {
			isa = PBXGroup;
			children = (
				944837861D01D1F500D73DAE /* DataSource */,
				9476AFBA1D00DAD200488C55 /* CDInvitationManager.h */,
				9476AFBB1D00DAD200488C55 /* CDInvitationManager.m */,
			);
			name = InvitationDataSource;
			sourceTree = "<group>";
		};
		949C20F51D33CCD400F44003 /* Add Invitation */ = {
			isa = PBXGroup;
			children = (
				949C20F61D33CD0C00F44003 /* TypePickerView.h */,
				949C20F71D33CD0C00F44003 /* TypePickerView.m */,
				949C20F91D33D2AB00F44003 /* AddInvitationController.h */,
				949C20FA1D33D2AB00F44003 /* AddInvitationController.m */,
				9467091B1D34D72B00298472 /* Add Member */,
				9467091F1D351AB000298472 /* MapView */,
			);
			name = "Add Invitation";
			sourceTree = "<group>";
		};
		949C20FE1D33DEB600F44003 /* InvitationControl */ = {
			isa = PBXGroup;
			children = (
				949C20F51D33CCD400F44003 /* Add Invitation */,
				949C8DBC1D32C659002991D5 /* InvitationDetail */,
				944D0BF61CFC69DD00BD998E /* Invitation */,
				9472FD291D368197001E1472 /* Message */,
			);
			name = InvitationControl;
			sourceTree = "<group>";
		};
		949C20FF1D33DED900F44003 /* Utils */ = {
			isa = PBXGroup;
			children = (
				943E37E91CFDBDE7002BEFB3 /* ImageUtil */,
				94E45AD11D002E8500EF976D /* DateUtil */,
			);
			name = Utils;
			sourceTree = "<group>";
		};
		949C21001D33DEEF00F44003 /* FriendsControl */ = {
			isa = PBXGroup;
			children = (
				949C21011D33DF0C00F44003 /* Friends */,
				94613BBA1CFF0EA9008E517F /* Friends Data Source */,
			);
			name = FriendsControl;
			sourceTree = "<group>";
		};
		949C21011D33DF0C00F44003 /* Friends */ = {
			isa = PBXGroup;
			children = (
				949C21051D33DF4400F44003 /* Cell */,
				949C21021D33DF3600F44003 /* FriendsViewController.h */,
				949C21031D33DF3600F44003 /* FriendsViewController.m */,
			);
			name = Friends;
			sourceTree = "<group>";
		};
		949C21051D33DF4400F44003 /* Cell */ = {
			isa = PBXGroup;
			children = (
				949C21061D33E03400F44003 /* FriendInfoCell.h */,
				949C21071D33E03400F44003 /* FriendInfoCell.m */,
			);
			name = Cell;
			sourceTree = "<group>";
		};
		949C8DBC1D32C659002991D5 /* InvitationDetail */ = {
			isa = PBXGroup;
			children = (
				949C8DBD1D32DFA2002991D5 /* InvitationDetailViewController.h */,
				949C8DBE1D32DFA2002991D5 /* InvitationDetailViewController.m */,
				949C8DC01D32DFA7002991D5 /* Cells */,
			);
			name = InvitationDetail;
			sourceTree = "<group>";
		};
		949C8DC01D32DFA7002991D5 /* Cells */ = {
			isa = PBXGroup;
			children = (
				9404D0B71D38D1BD000CDA25 /* BasicInfo */,
				9404D0B81D38D1DE000CDA25 /* Members */,
				9404D0B91D38D1F0000CDA25 /* Messages */,
			);
			name = Cells;
			sourceTree = "<group>";
		};
		94BB080C1CF888D5006B477F = {
			isa = PBXGroup;
			children = (
				94BB08171CF888D6006B477F /* HOIH */,
				94BB08341CF888D6006B477F /* HOIHTests */,
				94BB083F1CF888D6006B477F /* HOIHUITests */,
				94BB08161CF888D5006B477F /* Products */,
				FC7491AEC89827710EB09328 /* Frameworks */,
				4C7029B12D815C358B3F9718 /* Pods */,
			);
			sourceTree = "<group>";
		};
		94BB08161CF888D5006B477F /* Products */ = {
			isa = PBXGroup;
			children = (
				94BB08151CF888D5006B477F /* HOIH.app */,
				94BB08311CF888D6006B477F /* HOIHTests.xctest */,
				94BB083C1CF888D6006B477F /* HOIHUITests.xctest */,
			);
			name = Products;
			sourceTree = "<group>";
		};
		94BB08171CF888D6006B477F /* HOIH */ = {
			isa = PBXGroup;
			children = (
				94613BB61CFED9C5008E517F /* Network */,
				94BB081B1CF888D6006B477F /* AppDelegate.h */,
				94BB081C1CF888D6006B477F /* AppDelegate.m */,
				94BB081E1CF888D6006B477F /* ViewController.h */,
				94BB081F1CF888D6006B477F /* ViewController.m */,
				94BB08211CF888D6006B477F /* Main.storyboard */,
				940B375C1D38317900F7AE8F /* Assets.xcassets */,
				949C20FE1D33DEB600F44003 /* InvitationControl */,
				949C21001D33DEEF00F44003 /* FriendsControl */,
				94D0478C1D0966DD008161FB /* UserInfo */,
				94E45ACD1D001F9000EF976D /* APPConfigure */,
				94E45AD51D006ADE00EF976D /* CoreData */,
				949C20FF1D33DED900F44003 /* Utils */,
				94BB08291CF888D6006B477F /* LaunchScreen.storyboard */,
				94BB082C1CF888D6006B477F /* Info.plist */,
				94BB08241CF888D6006B477F /* HOIH.xcdatamodeld */,
				94BB08181CF888D6006B477F /* Supporting Files */,
			);
			path = HOIH;
			sourceTree = "<group>";
		};
		94BB08181CF888D6006B477F /* Supporting Files */ = {
			isa = PBXGroup;
			children = (
				94BB08191CF888D6006B477F /* main.m */,
			);
			name = "Supporting Files";
			sourceTree = "<group>";
		};
		94BB08341CF888D6006B477F /* HOIHTests */ = {
			isa = PBXGroup;
			children = (
				94BB08351CF888D6006B477F /* HOIHTests.m */,
				94BB08371CF888D6006B477F /* Info.plist */,
			);
			path = HOIHTests;
			sourceTree = "<group>";
		};
		94BB083F1CF888D6006B477F /* HOIHUITests */ = {
			isa = PBXGroup;
			children = (
				94BB08401CF888D6006B477F /* HOIHUITests.m */,
				94BB08421CF888D6006B477F /* Info.plist */,
			);
			path = HOIHUITests;
			sourceTree = "<group>";
		};
		94D0478C1D0966DD008161FB /* UserInfo */ = {
			isa = PBXGroup;
			children = (
				94D0478D1D096715008161FB /* HOIHUserInfo.h */,
				94D0478E1D096715008161FB /* HOIHUserInfo.m */,
			);
			name = UserInfo;
			sourceTree = "<group>";
		};
		94E45ACD1D001F9000EF976D /* APPConfigure */ = {
			isa = PBXGroup;
			children = (
				94E45ACE1D001FB700EF976D /* HOIHConfigure.h */,
				94E45ACF1D001FB700EF976D /* HOIHConfigure.m */,
			);
			name = APPConfigure;
			sourceTree = "<group>";
		};
		94E45AD11D002E8500EF976D /* DateUtil */ = {
			isa = PBXGroup;
			children = (
				94E45AD21D002EAF00EF976D /* DateUtil.h */,
				94E45AD31D002EAF00EF976D /* DateUtil.m */,
			);
			name = DateUtil;
			sourceTree = "<group>";
		};
		94E45AD51D006ADE00EF976D /* CoreData */ = {
			isa = PBXGroup;
			children = (
				94E45AD61D006AF800EF976D /* HOIHDataManager.h */,
				94E45AD71D006AF800EF976D /* HOIHDataManager.m */,
			);
			name = CoreData;
			sourceTree = "<group>";
		};
		FC7491AEC89827710EB09328 /* Frameworks */ = {
			isa = PBXGroup;
			children = (
				949C20FC1D33D97F00F44003 /* MapKit.framework */,
				3C541FA1C8D1B5C4A5129FAF /* libPods-HOIH.a */,
				BA5708ADC7C8C66737AD5105 /* libPods-HOIHTests.a */,
				3E86CA5AF6D9AE5A5A18165A /* libPods-HOIHUITests.a */,
			);
			name = Frameworks;
			sourceTree = "<group>";
		};
/* End PBXGroup section */

/* Begin PBXNativeTarget section */
		94BB08141CF888D5006B477F /* HOIH */ = {
			isa = PBXNativeTarget;
			buildConfigurationList = 94BB08451CF888D6006B477F /* Build configuration list for PBXNativeTarget "HOIH" */;
			buildPhases = (
				746F78CAD8D2BC341208B407 /* 📦 Check Pods Manifest.lock */,
				94BB08111CF888D5006B477F /* Sources */,
				94BB08121CF888D5006B477F /* Frameworks */,
				94BB08131CF888D5006B477F /* Resources */,
				48D60357AEE41E1AB7050356 /* 📦 Embed Pods Frameworks */,
				0A5309A85C8285483A8EA896 /* 📦 Copy Pods Resources */,
			);
			buildRules = (
			);
			dependencies = (
			);
			name = HOIH;
			productName = HOIH;
			productReference = 94BB08151CF888D5006B477F /* HOIH.app */;
			productType = "com.apple.product-type.application";
		};
		94BB08301CF888D6006B477F /* HOIHTests */ = {
			isa = PBXNativeTarget;
			buildConfigurationList = 94BB08481CF888D6006B477F /* Build configuration list for PBXNativeTarget "HOIHTests" */;
			buildPhases = (
				7F8DE8E3394FE6CF1C955894 /* 📦 Check Pods Manifest.lock */,
				94BB082D1CF888D6006B477F /* Sources */,
				94BB082E1CF888D6006B477F /* Frameworks */,
				94BB082F1CF888D6006B477F /* Resources */,
				71507B57DC708C2873903271 /* 📦 Embed Pods Frameworks */,
				A01B760A2B1B43CB680D0E6F /* 📦 Copy Pods Resources */,
			);
			buildRules = (
			);
			dependencies = (
				94BB08331CF888D6006B477F /* PBXTargetDependency */,
			);
			name = HOIHTests;
			productName = HOIHTests;
			productReference = 94BB08311CF888D6006B477F /* HOIHTests.xctest */;
			productType = "com.apple.product-type.bundle.unit-test";
		};
		94BB083B1CF888D6006B477F /* HOIHUITests */ = {
			isa = PBXNativeTarget;
			buildConfigurationList = 94BB084B1CF888D6006B477F /* Build configuration list for PBXNativeTarget "HOIHUITests" */;
			buildPhases = (
				069E932C6D7485917A5C5E01 /* 📦 Check Pods Manifest.lock */,
				94BB08381CF888D6006B477F /* Sources */,
				94BB08391CF888D6006B477F /* Frameworks */,
				94BB083A1CF888D6006B477F /* Resources */,
				4A1D8C5F73E0C5DAB9F1616C /* 📦 Copy Pods Resources */,
			);
			buildRules = (
			);
			dependencies = (
				94BB083E1CF888D6006B477F /* PBXTargetDependency */,
			);
			name = HOIHUITests;
			productName = HOIHUITests;
			productReference = 94BB083C1CF888D6006B477F /* HOIHUITests.xctest */;
			productType = "com.apple.product-type.bundle.ui-testing";
		};
/* End PBXNativeTarget section */

/* Begin PBXProject section */
		94BB080D1CF888D5006B477F /* Project object */ = {
			isa = PBXProject;
			attributes = {
				LastUpgradeCheck = 0730;
				ORGANIZATIONNAME = "Lucheng Zhong";
				TargetAttributes = {
					94BB08141CF888D5006B477F = {
						CreatedOnToolsVersion = 7.3.1;
					};
					94BB08301CF888D6006B477F = {
						CreatedOnToolsVersion = 7.3.1;
						TestTargetID = 94BB08141CF888D5006B477F;
					};
					94BB083B1CF888D6006B477F = {
						CreatedOnToolsVersion = 7.3.1;
						TestTargetID = 94BB08141CF888D5006B477F;
					};
				};
			};
			buildConfigurationList = 94BB08101CF888D5006B477F /* Build configuration list for PBXProject "HOIH" */;
			compatibilityVersion = "Xcode 3.2";
			developmentRegion = English;
			hasScannedForEncodings = 0;
			knownRegions = (
				en,
				Base,
			);
			mainGroup = 94BB080C1CF888D5006B477F;
			productRefGroup = 94BB08161CF888D5006B477F /* Products */;
			projectDirPath = "";
			projectRoot = "";
			targets = (
				94BB08141CF888D5006B477F /* HOIH */,
				94BB08301CF888D6006B477F /* HOIHTests */,
				94BB083B1CF888D6006B477F /* HOIHUITests */,
			);
		};
/* End PBXProject section */

/* Begin PBXResourcesBuildPhase section */
		94BB08131CF888D5006B477F /* Resources */ = {
			isa = PBXResourcesBuildPhase;
			buildActionMask = 2147483647;
			files = (
				94BB082B1CF888D6006B477F /* LaunchScreen.storyboard in Resources */,
				940B375D1D38317900F7AE8F /* Assets.xcassets in Resources */,
				94BB08231CF888D6006B477F /* Main.storyboard in Resources */,
			);
			runOnlyForDeploymentPostprocessing = 0;
		};
		94BB082F1CF888D6006B477F /* Resources */ = {
			isa = PBXResourcesBuildPhase;
			buildActionMask = 2147483647;
			files = (
			);
			runOnlyForDeploymentPostprocessing = 0;
		};
		94BB083A1CF888D6006B477F /* Resources */ = {
			isa = PBXResourcesBuildPhase;
			buildActionMask = 2147483647;
			files = (
			);
			runOnlyForDeploymentPostprocessing = 0;
		};
/* End PBXResourcesBuildPhase section */

/* Begin PBXShellScriptBuildPhase section */
		069E932C6D7485917A5C5E01 /* 📦 Check Pods Manifest.lock */ = {
			isa = PBXShellScriptBuildPhase;
			buildActionMask = 2147483647;
			files = (
			);
			inputPaths = (
			);
			name = "📦 Check Pods Manifest.lock";
			outputPaths = (
			);
			runOnlyForDeploymentPostprocessing = 0;
			shellPath = /bin/sh;
			shellScript = "diff \"${PODS_ROOT}/../Podfile.lock\" \"${PODS_ROOT}/Manifest.lock\" > /dev/null\nif [[ $? != 0 ]] ; then\n    cat << EOM\nerror: The sandbox is not in sync with the Podfile.lock. Run 'pod install' or update your CocoaPods installation.\nEOM\n    exit 1\nfi\n";
			showEnvVarsInLog = 0;
		};
		0A5309A85C8285483A8EA896 /* 📦 Copy Pods Resources */ = {
			isa = PBXShellScriptBuildPhase;
			buildActionMask = 2147483647;
			files = (
			);
			inputPaths = (
			);
			name = "📦 Copy Pods Resources";
			outputPaths = (
			);
			runOnlyForDeploymentPostprocessing = 0;
			shellPath = /bin/sh;
			shellScript = "\"${SRCROOT}/Pods/Target Support Files/Pods-HOIH/Pods-HOIH-resources.sh\"\n";
			showEnvVarsInLog = 0;
		};
		48D60357AEE41E1AB7050356 /* 📦 Embed Pods Frameworks */ = {
			isa = PBXShellScriptBuildPhase;
			buildActionMask = 2147483647;
			files = (
			);
			inputPaths = (
			);
			name = "📦 Embed Pods Frameworks";
			outputPaths = (
			);
			runOnlyForDeploymentPostprocessing = 0;
			shellPath = /bin/sh;
			shellScript = "\"${SRCROOT}/Pods/Target Support Files/Pods-HOIH/Pods-HOIH-frameworks.sh\"\n";
			showEnvVarsInLog = 0;
		};
		4A1D8C5F73E0C5DAB9F1616C /* 📦 Copy Pods Resources */ = {
			isa = PBXShellScriptBuildPhase;
			buildActionMask = 2147483647;
			files = (
			);
			inputPaths = (
			);
			name = "📦 Copy Pods Resources";
			outputPaths = (
			);
			runOnlyForDeploymentPostprocessing = 0;
			shellPath = /bin/sh;
			shellScript = "\"${SRCROOT}/Pods/Target Support Files/Pods-HOIHUITests/Pods-HOIHUITests-resources.sh\"\n";
			showEnvVarsInLog = 0;
		};
		71507B57DC708C2873903271 /* 📦 Embed Pods Frameworks */ = {
			isa = PBXShellScriptBuildPhase;
			buildActionMask = 2147483647;
			files = (
			);
			inputPaths = (
			);
			name = "📦 Embed Pods Frameworks";
			outputPaths = (
			);
			runOnlyForDeploymentPostprocessing = 0;
			shellPath = /bin/sh;
			shellScript = "\"${SRCROOT}/Pods/Target Support Files/Pods-HOIHTests/Pods-HOIHTests-frameworks.sh\"\n";
			showEnvVarsInLog = 0;
		};
		746F78CAD8D2BC341208B407 /* 📦 Check Pods Manifest.lock */ = {
			isa = PBXShellScriptBuildPhase;
			buildActionMask = 2147483647;
			files = (
			);
			inputPaths = (
			);
			name = "📦 Check Pods Manifest.lock";
			outputPaths = (
			);
			runOnlyForDeploymentPostprocessing = 0;
			shellPath = /bin/sh;
			shellScript = "diff \"${PODS_ROOT}/../Podfile.lock\" \"${PODS_ROOT}/Manifest.lock\" > /dev/null\nif [[ $? != 0 ]] ; then\n    cat << EOM\nerror: The sandbox is not in sync with the Podfile.lock. Run 'pod install' or update your CocoaPods installation.\nEOM\n    exit 1\nfi\n";
			showEnvVarsInLog = 0;
		};
		7F8DE8E3394FE6CF1C955894 /* 📦 Check Pods Manifest.lock */ = {
			isa = PBXShellScriptBuildPhase;
			buildActionMask = 2147483647;
			files = (
			);
			inputPaths = (
			);
			name = "📦 Check Pods Manifest.lock";
			outputPaths = (
			);
			runOnlyForDeploymentPostprocessing = 0;
			shellPath = /bin/sh;
			shellScript = "diff \"${PODS_ROOT}/../Podfile.lock\" \"${PODS_ROOT}/Manifest.lock\" > /dev/null\nif [[ $? != 0 ]] ; then\n    cat << EOM\nerror: The sandbox is not in sync with the Podfile.lock. Run 'pod install' or update your CocoaPods installation.\nEOM\n    exit 1\nfi\n";
			showEnvVarsInLog = 0;
		};
		A01B760A2B1B43CB680D0E6F /* 📦 Copy Pods Resources */ = {
			isa = PBXShellScriptBuildPhase;
			buildActionMask = 2147483647;
			files = (
			);
			inputPaths = (
			);
			name = "📦 Copy Pods Resources";
			outputPaths = (
			);
			runOnlyForDeploymentPostprocessing = 0;
			shellPath = /bin/sh;
			shellScript = "\"${SRCROOT}/Pods/Target Support Files/Pods-HOIHTests/Pods-HOIHTests-resources.sh\"\n";
			showEnvVarsInLog = 0;
		};
/* End PBXShellScriptBuildPhase section */

/* Begin PBXSourcesBuildPhase section */
		94BB08111CF888D5006B477F /* Sources */ = {
			isa = PBXSourcesBuildPhase;
			buildActionMask = 2147483647;
			files = (
				9448377E1D01D10D00D73DAE /* CDInvitation+CoreDataProperties.m in Sources */,
				94BB08201CF888D6006B477F /* ViewController.m in Sources */,
				949C21081D33E03400F44003 /* FriendInfoCell.m in Sources */,
				949C20FB1D33D2AB00F44003 /* AddInvitationController.m in Sources */,
				944D0BF91CFC6AB900BD998E /* InvitationTableViewController.m in Sources */,
				9472FD281D365F80001E1472 /* InvSendMessageCell.m in Sources */,
				94613BB91CFEDC0B008E517F /* HOIHHTTPClient.m in Sources */,
				94D0478F1D096715008161FB /* HOIHUserInfo.m in Sources */,
				949C21041D33DF3600F44003 /* FriendsViewController.m in Sources */,
				94E45AD41D002EAF00EF976D /* DateUtil.m in Sources */,
				94DBE4231D369DD200AB432F /* CDMessage+CoreDataProperties.m in Sources */,
				949C8DC31D32DFCA002991D5 /* InvitationHeadCell.m in Sources */,
				9448377F1D01D10D00D73DAE /* CDInvitation.m in Sources */,
				944D0BFD1CFC74C000BD998E /* InvitationCell.m in Sources */,
				949C8DC61D32DFDA002991D5 /* InvitedMembersCell.m in Sources */,
				9404D0B61D38CF04000CDA25 /* InvitedMembersCollectionCell.m in Sources */,
				949C8DBF1D32DFA2002991D5 /* InvitationDetailViewController.m in Sources */,
				944D0C001CFC891F00BD998E /* InvitedLayer.m in Sources */,
				9476AFB51D00D77800488C55 /* CDFriends+CoreDataProperties.m in Sources */,
				94DBE4241D369DD200AB432F /* CDMessage.m in Sources */,
				9476AFBC1D00DAD200488C55 /* CDInvitationManager.m in Sources */,
				94E45AD01D001FB700EF976D /* HOIHConfigure.m in Sources */,
				946709221D351AD300298472 /* AddPlaceMapViewController.m in Sources */,
				94BB08261CF888D6006B477F /* HOIH.xcdatamodeld in Sources */,
				94BB081D1CF888D6006B477F /* AppDelegate.m in Sources */,
				94BB081A1CF888D6006B477F /* main.m in Sources */,
				94613BCC1CFF0F45008E517F /* CDFriends.m in Sources */,
				94613BCF1CFF103D008E517F /* CDFriendsManager.m in Sources */,
				949C8DC91D32DFEA002991D5 /* InvitationMessageCell.m in Sources */,
				9404D0BC1D38D254000CDA25 /* MemberCollectionCell.m in Sources */,
				94DBE4271D369F8900AB432F /* CDMessageManager.m in Sources */,
				9404D0B31D38CD66000CDA25 /* InvitationMapCell.m in Sources */,
				9467091E1D34D74A00298472 /* AddMemberController.m in Sources */,
				943E37EC1CFDBDFB002BEFB3 /* ImageUtil.m in Sources */,
				949C20F81D33CD0C00F44003 /* TypePickerView.m in Sources */,
				94E45AD81D006AF800EF976D /* HOIHDataManager.m in Sources */,
			);
			runOnlyForDeploymentPostprocessing = 0;
		};
		94BB082D1CF888D6006B477F /* Sources */ = {
			isa = PBXSourcesBuildPhase;
			buildActionMask = 2147483647;
			files = (
				94BB08361CF888D6006B477F /* HOIHTests.m in Sources */,
			);
			runOnlyForDeploymentPostprocessing = 0;
		};
		94BB08381CF888D6006B477F /* Sources */ = {
			isa = PBXSourcesBuildPhase;
			buildActionMask = 2147483647;
			files = (
				94BB08411CF888D6006B477F /* HOIHUITests.m in Sources */,
			);
			runOnlyForDeploymentPostprocessing = 0;
		};
/* End PBXSourcesBuildPhase section */

/* Begin PBXTargetDependency section */
		94BB08331CF888D6006B477F /* PBXTargetDependency */ = {
			isa = PBXTargetDependency;
			target = 94BB08141CF888D5006B477F /* HOIH */;
			targetProxy = 94BB08321CF888D6006B477F /* PBXContainerItemProxy */;
		};
		94BB083E1CF888D6006B477F /* PBXTargetDependency */ = {
			isa = PBXTargetDependency;
			target = 94BB08141CF888D5006B477F /* HOIH */;
			targetProxy = 94BB083D1CF888D6006B477F /* PBXContainerItemProxy */;
		};
/* End PBXTargetDependency section */

/* Begin PBXVariantGroup section */
		94BB08211CF888D6006B477F /* Main.storyboard */ = {
			isa = PBXVariantGroup;
			children = (
				94BB08221CF888D6006B477F /* Base */,
			);
			name = Main.storyboard;
			sourceTree = "<group>";
		};
		94BB08291CF888D6006B477F /* LaunchScreen.storyboard */ = {
			isa = PBXVariantGroup;
			children = (
				94BB082A1CF888D6006B477F /* Base */,
			);
			name = LaunchScreen.storyboard;
			sourceTree = "<group>";
		};
/* End PBXVariantGroup section */

/* Begin XCBuildConfiguration section */
		94BB08431CF888D6006B477F /* Debug */ = {
			isa = XCBuildConfiguration;
			buildSettings = {
				ALWAYS_SEARCH_USER_PATHS = NO;
				CLANG_ANALYZER_NONNULL = YES;
				CLANG_CXX_LANGUAGE_STANDARD = "gnu++0x";
				CLANG_CXX_LIBRARY = "libc++";
				CLANG_ENABLE_MODULES = YES;
				CLANG_ENABLE_OBJC_ARC = YES;
				CLANG_WARN_BOOL_CONVERSION = YES;
				CLANG_WARN_CONSTANT_CONVERSION = YES;
				CLANG_WARN_DIRECT_OBJC_ISA_USAGE = YES_ERROR;
				CLANG_WARN_EMPTY_BODY = YES;
				CLANG_WARN_ENUM_CONVERSION = YES;
				CLANG_WARN_INT_CONVERSION = YES;
				CLANG_WARN_OBJC_ROOT_CLASS = YES_ERROR;
				CLANG_WARN_UNREACHABLE_CODE = YES;
				CLANG_WARN__DUPLICATE_METHOD_MATCH = YES;
				"CODE_SIGN_IDENTITY[sdk=iphoneos*]" = "iPhone Developer";
				COPY_PHASE_STRIP = NO;
				DEBUG_INFORMATION_FORMAT = dwarf;
				ENABLE_STRICT_OBJC_MSGSEND = YES;
				ENABLE_TESTABILITY = YES;
				GCC_C_LANGUAGE_STANDARD = gnu99;
				GCC_DYNAMIC_NO_PIC = NO;
				GCC_NO_COMMON_BLOCKS = YES;
				GCC_OPTIMIZATION_LEVEL = 0;
				GCC_PREPROCESSOR_DEFINITIONS = (
					"DEBUG=1",
					"$(inherited)",
				);
				GCC_WARN_64_TO_32_BIT_CONVERSION = YES;
				GCC_WARN_ABOUT_RETURN_TYPE = YES_ERROR;
				GCC_WARN_UNDECLARED_SELECTOR = YES;
				GCC_WARN_UNINITIALIZED_AUTOS = YES_AGGRESSIVE;
				GCC_WARN_UNUSED_FUNCTION = YES;
				GCC_WARN_UNUSED_VARIABLE = YES;
				IPHONEOS_DEPLOYMENT_TARGET = 8.3;
				MTL_ENABLE_DEBUG_INFO = YES;
				ONLY_ACTIVE_ARCH = YES;
				SDKROOT = iphoneos;
			};
			name = Debug;
		};
		94BB08441CF888D6006B477F /* Release */ = {
			isa = XCBuildConfiguration;
			buildSettings = {
				ALWAYS_SEARCH_USER_PATHS = NO;
				CLANG_ANALYZER_NONNULL = YES;
				CLANG_CXX_LANGUAGE_STANDARD = "gnu++0x";
				CLANG_CXX_LIBRARY = "libc++";
				CLANG_ENABLE_MODULES = YES;
				CLANG_ENABLE_OBJC_ARC = YES;
				CLANG_WARN_BOOL_CONVERSION = YES;
				CLANG_WARN_CONSTANT_CONVERSION = YES;
				CLANG_WARN_DIRECT_OBJC_ISA_USAGE = YES_ERROR;
				CLANG_WARN_EMPTY_BODY = YES;
				CLANG_WARN_ENUM_CONVERSION = YES;
				CLANG_WARN_INT_CONVERSION = YES;
				CLANG_WARN_OBJC_ROOT_CLASS = YES_ERROR;
				CLANG_WARN_UNREACHABLE_CODE = YES;
				CLANG_WARN__DUPLICATE_METHOD_MATCH = YES;
				"CODE_SIGN_IDENTITY[sdk=iphoneos*]" = "iPhone Developer";
				COPY_PHASE_STRIP = NO;
				DEBUG_INFORMATION_FORMAT = "dwarf-with-dsym";
				ENABLE_NS_ASSERTIONS = NO;
				ENABLE_STRICT_OBJC_MSGSEND = YES;
				GCC_C_LANGUAGE_STANDARD = gnu99;
				GCC_NO_COMMON_BLOCKS = YES;
				GCC_WARN_64_TO_32_BIT_CONVERSION = YES;
				GCC_WARN_ABOUT_RETURN_TYPE = YES_ERROR;
				GCC_WARN_UNDECLARED_SELECTOR = YES;
				GCC_WARN_UNINITIALIZED_AUTOS = YES_AGGRESSIVE;
				GCC_WARN_UNUSED_FUNCTION = YES;
				GCC_WARN_UNUSED_VARIABLE = YES;
				IPHONEOS_DEPLOYMENT_TARGET = 8.3;
				MTL_ENABLE_DEBUG_INFO = NO;
				SDKROOT = iphoneos;
				VALIDATE_PRODUCT = YES;
			};
			name = Release;
		};
		94BB08461CF888D6006B477F /* Debug */ = {
			isa = XCBuildConfiguration;
			baseConfigurationReference = C662E85F5FE36D4B4E153215 /* Pods-HOIH.debug.xcconfig */;
			buildSettings = {
				ASSETCATALOG_COMPILER_APPICON_NAME = AppIcon;
				INFOPLIST_FILE = HOIH/Info.plist;
				LD_RUNPATH_SEARCH_PATHS = "$(inherited) @executable_path/Frameworks";
				PRODUCT_BUNDLE_IDENTIFIER = LCZ.HOIH;
				PRODUCT_NAME = "$(TARGET_NAME)";
			};
			name = Debug;
		};
		94BB08471CF888D6006B477F /* Release */ = {
			isa = XCBuildConfiguration;
			baseConfigurationReference = CB5075228D97DDF92D11ECB0 /* Pods-HOIH.release.xcconfig */;
			buildSettings = {
				ASSETCATALOG_COMPILER_APPICON_NAME = AppIcon;
				INFOPLIST_FILE = HOIH/Info.plist;
				LD_RUNPATH_SEARCH_PATHS = "$(inherited) @executable_path/Frameworks";
				PRODUCT_BUNDLE_IDENTIFIER = LCZ.HOIH;
				PRODUCT_NAME = "$(TARGET_NAME)";
			};
			name = Release;
		};
		94BB08491CF888D6006B477F /* Debug */ = {
			isa = XCBuildConfiguration;
			baseConfigurationReference = F01068611DAEC5C6F198FAB9 /* Pods-HOIHTests.debug.xcconfig */;
			buildSettings = {
				BUNDLE_LOADER = "$(TEST_HOST)";
				INFOPLIST_FILE = HOIHTests/Info.plist;
				LD_RUNPATH_SEARCH_PATHS = "$(inherited) @executable_path/Frameworks @loader_path/Frameworks";
				PRODUCT_BUNDLE_IDENTIFIER = LCZ.HOIHTests;
				PRODUCT_NAME = "$(TARGET_NAME)";
				TEST_HOST = "$(BUILT_PRODUCTS_DIR)/HOIH.app/HOIH";
			};
			name = Debug;
		};
		94BB084A1CF888D6006B477F /* Release */ = {
			isa = XCBuildConfiguration;
			baseConfigurationReference = A720A15FC512E0AA572AC00A /* Pods-HOIHTests.release.xcconfig */;
			buildSettings = {
				BUNDLE_LOADER = "$(TEST_HOST)";
				INFOPLIST_FILE = HOIHTests/Info.plist;
				LD_RUNPATH_SEARCH_PATHS = "$(inherited) @executable_path/Frameworks @loader_path/Frameworks";
				PRODUCT_BUNDLE_IDENTIFIER = LCZ.HOIHTests;
				PRODUCT_NAME = "$(TARGET_NAME)";
				TEST_HOST = "$(BUILT_PRODUCTS_DIR)/HOIH.app/HOIH";
			};
			name = Release;
		};
		94BB084C1CF888D6006B477F /* Debug */ = {
			isa = XCBuildConfiguration;
			baseConfigurationReference = 7A5007D4468B236F20B720D7 /* Pods-HOIHUITests.debug.xcconfig */;
			buildSettings = {
				INFOPLIST_FILE = HOIHUITests/Info.plist;
				LD_RUNPATH_SEARCH_PATHS = "$(inherited) @executable_path/Frameworks @loader_path/Frameworks";
				PRODUCT_BUNDLE_IDENTIFIER = LCZ.HOIHUITests;
				PRODUCT_NAME = "$(TARGET_NAME)";
				TEST_TARGET_NAME = HOIH;
			};
			name = Debug;
		};
		94BB084D1CF888D6006B477F /* Release */ = {
			isa = XCBuildConfiguration;
			baseConfigurationReference = 7A4145DEBE038ECF0818C12D /* Pods-HOIHUITests.release.xcconfig */;
			buildSettings = {
				INFOPLIST_FILE = HOIHUITests/Info.plist;
				LD_RUNPATH_SEARCH_PATHS = "$(inherited) @executable_path/Frameworks @loader_path/Frameworks";
				PRODUCT_BUNDLE_IDENTIFIER = LCZ.HOIHUITests;
				PRODUCT_NAME = "$(TARGET_NAME)";
				TEST_TARGET_NAME = HOIH;
			};
			name = Release;
		};
/* End XCBuildConfiguration section */

/* Begin XCConfigurationList section */
		94BB08101CF888D5006B477F /* Build configuration list for PBXProject "HOIH" */ = {
			isa = XCConfigurationList;
			buildConfigurations = (
				94BB08431CF888D6006B477F /* Debug */,
				94BB08441CF888D6006B477F /* Release */,
			);
			defaultConfigurationIsVisible = 0;
			defaultConfigurationName = Release;
		};
		94BB08451CF888D6006B477F /* Build configuration list for PBXNativeTarget "HOIH" */ = {
			isa = XCConfigurationList;
			buildConfigurations = (
				94BB08461CF888D6006B477F /* Debug */,
				94BB08471CF888D6006B477F /* Release */,
			);
			defaultConfigurationIsVisible = 0;
			defaultConfigurationName = Release;
		};
		94BB08481CF888D6006B477F /* Build configuration list for PBXNativeTarget "HOIHTests" */ = {
			isa = XCConfigurationList;
			buildConfigurations = (
				94BB08491CF888D6006B477F /* Debug */,
				94BB084A1CF888D6006B477F /* Release */,
			);
			defaultConfigurationIsVisible = 0;
			defaultConfigurationName = Release;
		};
		94BB084B1CF888D6006B477F /* Build configuration list for PBXNativeTarget "HOIHUITests" */ = {
			isa = XCConfigurationList;
			buildConfigurations = (
				94BB084C1CF888D6006B477F /* Debug */,
				94BB084D1CF888D6006B477F /* Release */,
			);
			defaultConfigurationIsVisible = 0;
			defaultConfigurationName = Release;
		};
/* End XCConfigurationList section */

/* Begin XCVersionGroup section */
		94BB08241CF888D6006B477F /* HOIH.xcdatamodeld */ = {
			isa = XCVersionGroup;
			children = (
				94BB08251CF888D6006B477F /* HOIH.xcdatamodel */,
			);
			currentVersion = 94BB08251CF888D6006B477F /* HOIH.xcdatamodel */;
			path = HOIH.xcdatamodeld;
			sourceTree = "<group>";
			versionGroupType = wrapper.xcdatamodel;
		};
/* End XCVersionGroup section */
	};
	rootObject = 94BB080D1CF888D5006B477F /* Project object */;
}
