// !$*UTF8*$!
{
	archiveVersion = 1;
	classes = {
	};
	objectVersion = 46;
	objects = {

/* Begin PBXBuildFile section */
		944D0BF91CFC6AB900BD998E /* InvitationTableViewController.m in Sources */ = {isa = PBXBuildFile; fileRef = 944D0BF81CFC6AB900BD998E /* InvitationTableViewController.m */; };
		944D0BFD1CFC74C000BD998E /* InvitationCell.m in Sources */ = {isa = PBXBuildFile; fileRef = 944D0BFC1CFC74C000BD998E /* InvitationCell.m */; };
		944D0C001CFC891F00BD998E /* InvitedLayer.m in Sources */ = {isa = PBXBuildFile; fileRef = 944D0BFF1CFC891F00BD998E /* InvitedLayer.m */; };
		94BB081A1CF888D6006B477F /* main.m in Sources */ = {isa = PBXBuildFile; fileRef = 94BB08191CF888D6006B477F /* main.m */; };
		94BB081D1CF888D6006B477F /* AppDelegate.m in Sources */ = {isa = PBXBuildFile; fileRef = 94BB081C1CF888D6006B477F /* AppDelegate.m */; };
		94BB08201CF888D6006B477F /* ViewController.m in Sources */ = {isa = PBXBuildFile; fileRef = 94BB081F1CF888D6006B477F /* ViewController.m */; };
		94BB08231CF888D6006B477F /* Main.storyboard in Resources */ = {isa = PBXBuildFile; fileRef = 94BB08211CF888D6006B477F /* Main.storyboard */; };
		94BB08261CF888D6006B477F /* HOIH.xcdatamodeld in Sources */ = {isa = PBXBuildFile; fileRef = 94BB08241CF888D6006B477F /* HOIH.xcdatamodeld */; };
		94BB08281CF888D6006B477F /* Assets.xcassets in Resources */ = {isa = PBXBuildFile; fileRef = 94BB08271CF888D6006B477F /* Assets.xcassets */; };
		94BB082B1CF888D6006B477F /* LaunchScreen.storyboard in Resources */ = {isa = PBXBuildFile; fileRef = 94BB08291CF888D6006B477F /* LaunchScreen.storyboard */; };
		94BB08361CF888D6006B477F /* HOIHTests.m in Sources */ = {isa = PBXBuildFile; fileRef = 94BB08351CF888D6006B477F /* HOIHTests.m */; };
		94BB08411CF888D6006B477F /* HOIHUITests.m in Sources */ = {isa = PBXBuildFile; fileRef = 94BB08401CF888D6006B477F /* HOIHUITests.m */; };
		C778C3FB2A03242DF28F43E3 /* libPods-HOIH.a in Frameworks */ = {isa = PBXBuildFile; fileRef = A314704C449E60B188E67A01 /* libPods-HOIH.a */; };
/* End PBXBuildFile section */

/* Begin PBXContainerItemProxy section */
		94BB08321CF888D6006B477F /* PBXContainerItemProxy */ = {
			isa = PBXContainerItemProxy;
			containerPortal = 94BB080D1CF888D5006B477F /* Project object */;
			proxyType = 1;
			remoteGlobalIDString = 94BB08141CF888D5006B477F;
			remoteInfo = HOIH;
		};
		94BB083D1CF888D6006B477F /* PBXContainerItemProxy */ = {
			isa = PBXContainerItemProxy;
			containerPortal = 94BB080D1CF888D5006B477F /* Project object */;
			proxyType = 1;
			remoteGlobalIDString = 94BB08141CF888D5006B477F;
			remoteInfo = HOIH;
		};
/* End PBXContainerItemProxy section */

/* Begin PBXFileReference section */
		74782950640EF70BE2697704 /* Pods-HOIH.debug.xcconfig */ = {isa = PBXFileReference; includeInIndex = 1; lastKnownFileType = text.xcconfig; name = "Pods-HOIH.debug.xcconfig"; path = "Pods/Target Support Files/Pods-HOIH/Pods-HOIH.debug.xcconfig"; sourceTree = "<group>"; };
		944D0BF71CFC6AB900BD998E /* InvitationTableViewController.h */ = {isa = PBXFileReference; fileEncoding = 4; lastKnownFileType = sourcecode.c.h; path = InvitationTableViewController.h; sourceTree = "<group>"; };
		944D0BF81CFC6AB900BD998E /* InvitationTableViewController.m */ = {isa = PBXFileReference; fileEncoding = 4; lastKnownFileType = sourcecode.c.objc; path = InvitationTableViewController.m; sourceTree = "<group>"; };
		944D0BFB1CFC74C000BD998E /* InvitationCell.h */ = {isa = PBXFileReference; fileEncoding = 4; lastKnownFileType = sourcecode.c.h; path = InvitationCell.h; sourceTree = "<group>"; };
		944D0BFC1CFC74C000BD998E /* InvitationCell.m */ = {isa = PBXFileReference; fileEncoding = 4; lastKnownFileType = sourcecode.c.objc; path = InvitationCell.m; sourceTree = "<group>"; };
		944D0BFE1CFC891F00BD998E /* InvitedLayer.h */ = {isa = PBXFileReference; fileEncoding = 4; lastKnownFileType = sourcecode.c.h; path = InvitedLayer.h; sourceTree = "<group>"; };
		944D0BFF1CFC891F00BD998E /* InvitedLayer.m */ = {isa = PBXFileReference; fileEncoding = 4; lastKnownFileType = sourcecode.c.objc; path = InvitedLayer.m; sourceTree = "<group>"; };
		94BB08151CF888D5006B477F /* HOIH.app */ = {isa = PBXFileReference; explicitFileType = wrapper.application; includeInIndex = 0; path = HOIH.app; sourceTree = BUILT_PRODUCTS_DIR; };
		94BB08191CF888D6006B477F /* main.m */ = {isa = PBXFileReference; lastKnownFileType = sourcecode.c.objc; path = main.m; sourceTree = "<group>"; };
		94BB081B1CF888D6006B477F /* AppDelegate.h */ = {isa = PBXFileReference; lastKnownFileType = sourcecode.c.h; path = AppDelegate.h; sourceTree = "<group>"; };
		94BB081C1CF888D6006B477F /* AppDelegate.m */ = {isa = PBXFileReference; lastKnownFileType = sourcecode.c.objc; path = AppDelegate.m; sourceTree = "<group>"; };
		94BB081E1CF888D6006B477F /* ViewController.h */ = {isa = PBXFileReference; lastKnownFileType = sourcecode.c.h; path = ViewController.h; sourceTree = "<group>"; };
		94BB081F1CF888D6006B477F /* ViewController.m */ = {isa = PBXFileReference; lastKnownFileType = sourcecode.c.objc; path = ViewController.m; sourceTree = "<group>"; };
		94BB08221CF888D6006B477F /* Base */ = {isa = PBXFileReference; lastKnownFileType = file.storyboard; name = Base; path = Base.lproj/Main.storyboard; sourceTree = "<group>"; };
		94BB08251CF888D6006B477F /* HOIH.xcdatamodel */ = {isa = PBXFileReference; lastKnownFileType = wrapper.xcdatamodel; path = HOIH.xcdatamodel; sourceTree = "<group>"; };
		94BB08271CF888D6006B477F /* Assets.xcassets */ = {isa = PBXFileReference; lastKnownFileType = folder.assetcatalog; path = Assets.xcassets; sourceTree = "<group>"; };
		94BB082A1CF888D6006B477F /* Base */ = {isa = PBXFileReference; lastKnownFileType = file.storyboard; name = Base; path = Base.lproj/LaunchScreen.storyboard; sourceTree = "<group>"; };
		94BB082C1CF888D6006B477F /* Info.plist */ = {isa = PBXFileReference; lastKnownFileType = text.plist.xml; path = Info.plist; sourceTree = "<group>"; };
		94BB08311CF888D6006B477F /* HOIHTests.xctest */ = {isa = PBXFileReference; explicitFileType = wrapper.cfbundle; includeInIndex = 0; path = HOIHTests.xctest; sourceTree = BUILT_PRODUCTS_DIR; };
		94BB08351CF888D6006B477F /* HOIHTests.m */ = {isa = PBXFileReference; lastKnownFileType = sourcecode.c.objc; path = HOIHTests.m; sourceTree = "<group>"; };
		94BB08371CF888D6006B477F /* Info.plist */ = {isa = PBXFileReference; lastKnownFileType = text.plist.xml; path = Info.plist; sourceTree = "<group>"; };
		94BB083C1CF888D6006B477F /* HOIHUITests.xctest */ = {isa = PBXFileReference; explicitFileType = wrapper.cfbundle; includeInIndex = 0; path = HOIHUITests.xctest; sourceTree = BUILT_PRODUCTS_DIR; };
		94BB08401CF888D6006B477F /* HOIHUITests.m */ = {isa = PBXFileReference; lastKnownFileType = sourcecode.c.objc; path = HOIHUITests.m; sourceTree = "<group>"; };
		94BB08421CF888D6006B477F /* Info.plist */ = {isa = PBXFileReference; lastKnownFileType = text.plist.xml; path = Info.plist; sourceTree = "<group>"; };
		99E92AD8DA76DCBDE9CAB533 /* Pods-HOIH.release.xcconfig */ = {isa = PBXFileReference; includeInIndex = 1; lastKnownFileType = text.xcconfig; name = "Pods-HOIH.release.xcconfig"; path = "Pods/Target Support Files/Pods-HOIH/Pods-HOIH.release.xcconfig"; sourceTree = "<group>"; };
		A314704C449E60B188E67A01 /* libPods-HOIH.a */ = {isa = PBXFileReference; explicitFileType = archive.ar; includeInIndex = 0; path = "libPods-HOIH.a"; sourceTree = BUILT_PRODUCTS_DIR; };
/* End PBXFileReference section */

/* Begin PBXFrameworksBuildPhase section */
		94BB08121CF888D5006B477F /* Frameworks */ = {
			isa = PBXFrameworksBuildPhase;
			buildActionMask = 2147483647;
			files = (
				C778C3FB2A03242DF28F43E3 /* libPods-HOIH.a in Frameworks */,
			);
			runOnlyForDeploymentPostprocessing = 0;
		};
		94BB082E1CF888D6006B477F /* Frameworks */ = {
			isa = PBXFrameworksBuildPhase;
			buildActionMask = 2147483647;
			files = (
			);
			runOnlyForDeploymentPostprocessing = 0;
		};
		94BB08391CF888D6006B477F /* Frameworks */ = {
			isa = PBXFrameworksBuildPhase;
			buildActionMask = 2147483647;
			files = (
			);
			runOnlyForDeploymentPostprocessing = 0;
		};
/* End PBXFrameworksBuildPhase section */

/* Begin PBXGroup section */
		944D0BF61CFC69DD00BD998E /* Invitation */ = {
			isa = PBXGroup;
			children = (
				944D0BF71CFC6AB900BD998E /* InvitationTableViewController.h */,
				944D0BF81CFC6AB900BD998E /* InvitationTableViewController.m */,
				944D0BFA1CFC73D100BD998E /* Cell */,
			);
			name = Invitation;
			sourceTree = "<group>";
		};
		944D0BFA1CFC73D100BD998E /* Cell */ = {
			isa = PBXGroup;
			children = (
				944D0BFB1CFC74C000BD998E /* InvitationCell.h */,
				944D0BFC1CFC74C000BD998E /* InvitationCell.m */,
				944D0BFE1CFC891F00BD998E /* InvitedLayer.h */,
				944D0BFF1CFC891F00BD998E /* InvitedLayer.m */,
			);
			name = Cell;
			sourceTree = "<group>";
		};
		94BB080C1CF888D5006B477F = {
			isa = PBXGroup;
			children = (
				94BB08171CF888D6006B477F /* HOIH */,
				94BB08341CF888D6006B477F /* HOIHTests */,
				94BB083F1CF888D6006B477F /* HOIHUITests */,
				94BB08161CF888D5006B477F /* Products */,
				E84D5248B1483EB58ED50D25 /* Pods */,
				FC7491AEC89827710EB09328 /* Frameworks */,
			);
			sourceTree = "<group>";
		};
		94BB08161CF888D5006B477F /* Products */ = {
			isa = PBXGroup;
			children = (
				94BB08151CF888D5006B477F /* HOIH.app */,
				94BB08311CF888D6006B477F /* HOIHTests.xctest */,
				94BB083C1CF888D6006B477F /* HOIHUITests.xctest */,
			);
			name = Products;
			sourceTree = "<group>";
		};
		94BB08171CF888D6006B477F /* HOIH */ = {
			isa = PBXGroup;
			children = (
				94BB081B1CF888D6006B477F /* AppDelegate.h */,
				94BB081C1CF888D6006B477F /* AppDelegate.m */,
				94BB081E1CF888D6006B477F /* ViewController.h */,
				94BB081F1CF888D6006B477F /* ViewController.m */,
				94BB08211CF888D6006B477F /* Main.storyboard */,
				94BB08271CF888D6006B477F /* Assets.xcassets */,
				944D0BF61CFC69DD00BD998E /* Invitation */,
				94BB08291CF888D6006B477F /* LaunchScreen.storyboard */,
				94BB082C1CF888D6006B477F /* Info.plist */,
				94BB08241CF888D6006B477F /* HOIH.xcdatamodeld */,
				94BB08181CF888D6006B477F /* Supporting Files */,
			);
			path = HOIH;
			sourceTree = "<group>";
		};
		94BB08181CF888D6006B477F /* Supporting Files */ = {
			isa = PBXGroup;
			children = (
				94BB08191CF888D6006B477F /* main.m */,
			);
			name = "Supporting Files";
			sourceTree = "<group>";
		};
		94BB08341CF888D6006B477F /* HOIHTests */ = {
			isa = PBXGroup;
			children = (
				94BB08351CF888D6006B477F /* HOIHTests.m */,
				94BB08371CF888D6006B477F /* Info.plist */,
			);
			path = HOIHTests;
			sourceTree = "<group>";
		};
		94BB083F1CF888D6006B477F /* HOIHUITests */ = {
			isa = PBXGroup;
			children = (
				94BB08401CF888D6006B477F /* HOIHUITests.m */,
				94BB08421CF888D6006B477F /* Info.plist */,
			);
			path = HOIHUITests;
			sourceTree = "<group>";
		};
		E84D5248B1483EB58ED50D25 /* Pods */ = {
			isa = PBXGroup;
			children = (
				74782950640EF70BE2697704 /* Pods-HOIH.debug.xcconfig */,
				99E92AD8DA76DCBDE9CAB533 /* Pods-HOIH.release.xcconfig */,
			);
			name = Pods;
			sourceTree = "<group>";
		};
		FC7491AEC89827710EB09328 /* Frameworks */ = {
			isa = PBXGroup;
			children = (
				A314704C449E60B188E67A01 /* libPods-HOIH.a */,
			);
			name = Frameworks;
			sourceTree = "<group>";
		};
/* End PBXGroup section */

/* Begin PBXNativeTarget section */
		94BB08141CF888D5006B477F /* HOIH */ = {
			isa = PBXNativeTarget;
			buildConfigurationList = 94BB08451CF888D6006B477F /* Build configuration list for PBXNativeTarget "HOIH" */;
			buildPhases = (
				2293EB052AD3B24E1BBA8DE9 /* Check Pods Manifest.lock */,
				94BB08111CF888D5006B477F /* Sources */,
				94BB08121CF888D5006B477F /* Frameworks */,
				94BB08131CF888D5006B477F /* Resources */,
				A7371D40AEC877BA236FFFBA /* Embed Pods Frameworks */,
				5791254C37023D2F7CD5130E /* Copy Pods Resources */,
			);
			buildRules = (
			);
			dependencies = (
			);
			name = HOIH;
			productName = HOIH;
			productReference = 94BB08151CF888D5006B477F /* HOIH.app */;
			productType = "com.apple.product-type.application";
		};
		94BB08301CF888D6006B477F /* HOIHTests */ = {
			isa = PBXNativeTarget;
			buildConfigurationList = 94BB08481CF888D6006B477F /* Build configuration list for PBXNativeTarget "HOIHTests" */;
			buildPhases = (
				94BB082D1CF888D6006B477F /* Sources */,
				94BB082E1CF888D6006B477F /* Frameworks */,
				94BB082F1CF888D6006B477F /* Resources */,
			);
			buildRules = (
			);
			dependencies = (
				94BB08331CF888D6006B477F /* PBXTargetDependency */,
			);
			name = HOIHTests;
			productName = HOIHTests;
			productReference = 94BB08311CF888D6006B477F /* HOIHTests.xctest */;
			productType = "com.apple.product-type.bundle.unit-test";
		};
		94BB083B1CF888D6006B477F /* HOIHUITests */ = {
			isa = PBXNativeTarget;
			buildConfigurationList = 94BB084B1CF888D6006B477F /* Build configuration list for PBXNativeTarget "HOIHUITests" */;
			buildPhases = (
				94BB08381CF888D6006B477F /* Sources */,
				94BB08391CF888D6006B477F /* Frameworks */,
				94BB083A1CF888D6006B477F /* Resources */,
			);
			buildRules = (
			);
			dependencies = (
				94BB083E1CF888D6006B477F /* PBXTargetDependency */,
			);
			name = HOIHUITests;
			productName = HOIHUITests;
			productReference = 94BB083C1CF888D6006B477F /* HOIHUITests.xctest */;
			productType = "com.apple.product-type.bundle.ui-testing";
		};
/* End PBXNativeTarget section */

/* Begin PBXProject section */
		94BB080D1CF888D5006B477F /* Project object */ = {
			isa = PBXProject;
			attributes = {
				LastUpgradeCheck = 0730;
				ORGANIZATIONNAME = "Lucheng Zhong";
				TargetAttributes = {
					94BB08141CF888D5006B477F = {
						CreatedOnToolsVersion = 7.3.1;
					};
					94BB08301CF888D6006B477F = {
						CreatedOnToolsVersion = 7.3.1;
						TestTargetID = 94BB08141CF888D5006B477F;
					};
					94BB083B1CF888D6006B477F = {
						CreatedOnToolsVersion = 7.3.1;
						TestTargetID = 94BB08141CF888D5006B477F;
					};
				};
			};
			buildConfigurationList = 94BB08101CF888D5006B477F /* Build configuration list for PBXProject "HOIH" */;
			compatibilityVersion = "Xcode 3.2";
			developmentRegion = English;
			hasScannedForEncodings = 0;
			knownRegions = (
				en,
				Base,
			);
			mainGroup = 94BB080C1CF888D5006B477F;
			productRefGroup = 94BB08161CF888D5006B477F /* Products */;
			projectDirPath = "";
			projectRoot = "";
			targets = (
				94BB08141CF888D5006B477F /* HOIH */,
				94BB08301CF888D6006B477F /* HOIHTests */,
				94BB083B1CF888D6006B477F /* HOIHUITests */,
			);
		};
/* End PBXProject section */

/* Begin PBXResourcesBuildPhase section */
		94BB08131CF888D5006B477F /* Resources */ = {
			isa = PBXResourcesBuildPhase;
			buildActionMask = 2147483647;
			files = (
				94BB082B1CF888D6006B477F /* LaunchScreen.storyboard in Resources */,
				94BB08281CF888D6006B477F /* Assets.xcassets in Resources */,
				94BB08231CF888D6006B477F /* Main.storyboard in Resources */,
			);
			runOnlyForDeploymentPostprocessing = 0;
		};
		94BB082F1CF888D6006B477F /* Resources */ = {
			isa = PBXResourcesBuildPhase;
			buildActionMask = 2147483647;
			files = (
			);
			runOnlyForDeploymentPostprocessing = 0;
		};
		94BB083A1CF888D6006B477F /* Resources */ = {
			isa = PBXResourcesBuildPhase;
			buildActionMask = 2147483647;
			files = (
			);
			runOnlyForDeploymentPostprocessing = 0;
		};
/* End PBXResourcesBuildPhase section */

/* Begin PBXShellScriptBuildPhase section */
		2293EB052AD3B24E1BBA8DE9 /* Check Pods Manifest.lock */ = {
			isa = PBXShellScriptBuildPhase;
			buildActionMask = 2147483647;
			files = (
			);
			inputPaths = (
			);
			name = "Check Pods Manifest.lock";
			outputPaths = (
			);
			runOnlyForDeploymentPostprocessing = 0;
			shellPath = /bin/sh;
			shellScript = "diff \"${PODS_ROOT}/../Podfile.lock\" \"${PODS_ROOT}/Manifest.lock\" > /dev/null\nif [[ $? != 0 ]] ; then\n    cat << EOM\nerror: The sandbox is not in sync with the Podfile.lock. Run 'pod install' or update your CocoaPods installation.\nEOM\n    exit 1\nfi\n";
			showEnvVarsInLog = 0;
		};
		5791254C37023D2F7CD5130E /* Copy Pods Resources */ = {
			isa = PBXShellScriptBuildPhase;
			buildActionMask = 2147483647;
			files = (
			);
			inputPaths = (
			);
			name = "Copy Pods Resources";
			outputPaths = (
			);
			runOnlyForDeploymentPostprocessing = 0;
			shellPath = /bin/sh;
			shellScript = "\"${SRCROOT}/Pods/Target Support Files/Pods-HOIH/Pods-HOIH-resources.sh\"\n";
			showEnvVarsInLog = 0;
		};
		A7371D40AEC877BA236FFFBA /* Embed Pods Frameworks */ = {
			isa = PBXShellScriptBuildPhase;
			buildActionMask = 2147483647;
			files = (
			);
			inputPaths = (
			);
			name = "Embed Pods Frameworks";
			outputPaths = (
			);
			runOnlyForDeploymentPostprocessing = 0;
			shellPath = /bin/sh;
			shellScript = "\"${SRCROOT}/Pods/Target Support Files/Pods-HOIH/Pods-HOIH-frameworks.sh\"\n";
			showEnvVarsInLog = 0;
		};
/* End PBXShellScriptBuildPhase section */

/* Begin PBXSourcesBuildPhase section */
		94BB08111CF888D5006B477F /* Sources */ = {
			isa = PBXSourcesBuildPhase;
			buildActionMask = 2147483647;
			files = (
				94BB08201CF888D6006B477F /* ViewController.m in Sources */,
				944D0BF91CFC6AB900BD998E /* InvitationTableViewController.m in Sources */,
				944D0BFD1CFC74C000BD998E /* InvitationCell.m in Sources */,
				944D0C001CFC891F00BD998E /* InvitedLayer.m in Sources */,
				94BB08261CF888D6006B477F /* HOIH.xcdatamodeld in Sources */,
				94BB081D1CF888D6006B477F /* AppDelegate.m in Sources */,
				94BB081A1CF888D6006B477F /* main.m in Sources */,
			);
			runOnlyForDeploymentPostprocessing = 0;
		};
		94BB082D1CF888D6006B477F /* Sources */ = {
			isa = PBXSourcesBuildPhase;
			buildActionMask = 2147483647;
			files = (
				94BB08361CF888D6006B477F /* HOIHTests.m in Sources */,
			);
			runOnlyForDeploymentPostprocessing = 0;
		};
		94BB08381CF888D6006B477F /* Sources */ = {
			isa = PBXSourcesBuildPhase;
			buildActionMask = 2147483647;
			files = (
				94BB08411CF888D6006B477F /* HOIHUITests.m in Sources */,
			);
			runOnlyForDeploymentPostprocessing = 0;
		};
/* End PBXSourcesBuildPhase section */

/* Begin PBXTargetDependency section */
		94BB08331CF888D6006B477F /* PBXTargetDependency */ = {
			isa = PBXTargetDependency;
			target = 94BB08141CF888D5006B477F /* HOIH */;
			targetProxy = 94BB08321CF888D6006B477F /* PBXContainerItemProxy */;
		};
		94BB083E1CF888D6006B477F /* PBXTargetDependency */ = {
			isa = PBXTargetDependency;
			target = 94BB08141CF888D5006B477F /* HOIH */;
			targetProxy = 94BB083D1CF888D6006B477F /* PBXContainerItemProxy */;
		};
/* End PBXTargetDependency section */

/* Begin PBXVariantGroup section */
		94BB08211CF888D6006B477F /* Main.storyboard */ = {
			isa = PBXVariantGroup;
			children = (
				94BB08221CF888D6006B477F /* Base */,
			);
			name = Main.storyboard;
			sourceTree = "<group>";
		};
		94BB08291CF888D6006B477F /* LaunchScreen.storyboard */ = {
			isa = PBXVariantGroup;
			children = (
				94BB082A1CF888D6006B477F /* Base */,
			);
			name = LaunchScreen.storyboard;
			sourceTree = "<group>";
		};
/* End PBXVariantGroup section */

/* Begin XCBuildConfiguration section */
		94BB08431CF888D6006B477F /* Debug */ = {
			isa = XCBuildConfiguration;
			buildSettings = {
				ALWAYS_SEARCH_USER_PATHS = NO;
				CLANG_ANALYZER_NONNULL = YES;
				CLANG_CXX_LANGUAGE_STANDARD = "gnu++0x";
				CLANG_CXX_LIBRARY = "libc++";
				CLANG_ENABLE_MODULES = YES;
				CLANG_ENABLE_OBJC_ARC = YES;
				CLANG_WARN_BOOL_CONVERSION = YES;
				CLANG_WARN_CONSTANT_CONVERSION = YES;
				CLANG_WARN_DIRECT_OBJC_ISA_USAGE = YES_ERROR;
				CLANG_WARN_EMPTY_BODY = YES;
				CLANG_WARN_ENUM_CONVERSION = YES;
				CLANG_WARN_INT_CONVERSION = YES;
				CLANG_WARN_OBJC_ROOT_CLASS = YES_ERROR;
				CLANG_WARN_UNREACHABLE_CODE = YES;
				CLANG_WARN__DUPLICATE_METHOD_MATCH = YES;
				"CODE_SIGN_IDENTITY[sdk=iphoneos*]" = "iPhone Developer";
				COPY_PHASE_STRIP = NO;
				DEBUG_INFORMATION_FORMAT = dwarf;
				ENABLE_STRICT_OBJC_MSGSEND = YES;
				ENABLE_TESTABILITY = YES;
				GCC_C_LANGUAGE_STANDARD = gnu99;
				GCC_DYNAMIC_NO_PIC = NO;
				GCC_NO_COMMON_BLOCKS = YES;
				GCC_OPTIMIZATION_LEVEL = 0;
				GCC_PREPROCESSOR_DEFINITIONS = (
					"DEBUG=1",
					"$(inherited)",
				);
				GCC_WARN_64_TO_32_BIT_CONVERSION = YES;
				GCC_WARN_ABOUT_RETURN_TYPE = YES_ERROR;
				GCC_WARN_UNDECLARED_SELECTOR = YES;
				GCC_WARN_UNINITIALIZED_AUTOS = YES_AGGRESSIVE;
				GCC_WARN_UNUSED_FUNCTION = YES;
				GCC_WARN_UNUSED_VARIABLE = YES;
				IPHONEOS_DEPLOYMENT_TARGET = 9.3;
				MTL_ENABLE_DEBUG_INFO = YES;
				ONLY_ACTIVE_ARCH = YES;
				SDKROOT = iphoneos;
			};
			name = Debug;
		};
		94BB08441CF888D6006B477F /* Release */ = {
			isa = XCBuildConfiguration;
			buildSettings = {
				ALWAYS_SEARCH_USER_PATHS = NO;
				CLANG_ANALYZER_NONNULL = YES;
				CLANG_CXX_LANGUAGE_STANDARD = "gnu++0x";
				CLANG_CXX_LIBRARY = "libc++";
				CLANG_ENABLE_MODULES = YES;
				CLANG_ENABLE_OBJC_ARC = YES;
				CLANG_WARN_BOOL_CONVERSION = YES;
				CLANG_WARN_CONSTANT_CONVERSION = YES;
				CLANG_WARN_DIRECT_OBJC_ISA_USAGE = YES_ERROR;
				CLANG_WARN_EMPTY_BODY = YES;
				CLANG_WARN_ENUM_CONVERSION = YES;
				CLANG_WARN_INT_CONVERSION = YES;
				CLANG_WARN_OBJC_ROOT_CLASS = YES_ERROR;
				CLANG_WARN_UNREACHABLE_CODE = YES;
				CLANG_WARN__DUPLICATE_METHOD_MATCH = YES;
				"CODE_SIGN_IDENTITY[sdk=iphoneos*]" = "iPhone Developer";
				COPY_PHASE_STRIP = NO;
				DEBUG_INFORMATION_FORMAT = "dwarf-with-dsym";
				ENABLE_NS_ASSERTIONS = NO;
				ENABLE_STRICT_OBJC_MSGSEND = YES;
				GCC_C_LANGUAGE_STANDARD = gnu99;
				GCC_NO_COMMON_BLOCKS = YES;
				GCC_WARN_64_TO_32_BIT_CONVERSION = YES;
				GCC_WARN_ABOUT_RETURN_TYPE = YES_ERROR;
				GCC_WARN_UNDECLARED_SELECTOR = YES;
				GCC_WARN_UNINITIALIZED_AUTOS = YES_AGGRESSIVE;
				GCC_WARN_UNUSED_FUNCTION = YES;
				GCC_WARN_UNUSED_VARIABLE = YES;
				IPHONEOS_DEPLOYMENT_TARGET = 9.3;
				MTL_ENABLE_DEBUG_INFO = NO;
				SDKROOT = iphoneos;
				VALIDATE_PRODUCT = YES;
			};
			name = Release;
		};
		94BB08461CF888D6006B477F /* Debug */ = {
			isa = XCBuildConfiguration;
			baseConfigurationReference = 74782950640EF70BE2697704 /* Pods-HOIH.debug.xcconfig */;
			buildSettings = {
				ASSETCATALOG_COMPILER_APPICON_NAME = AppIcon;
				INFOPLIST_FILE = HOIH/Info.plist;
				LD_RUNPATH_SEARCH_PATHS = "$(inherited) @executable_path/Frameworks";
				PRODUCT_BUNDLE_IDENTIFIER = LCZ.HOIH;
				PRODUCT_NAME = "$(TARGET_NAME)";
			};
			name = Debug;
		};
		94BB08471CF888D6006B477F /* Release */ = {
			isa = XCBuildConfiguration;
			baseConfigurationReference = 99E92AD8DA76DCBDE9CAB533 /* Pods-HOIH.release.xcconfig */;
			buildSettings = {
				ASSETCATALOG_COMPILER_APPICON_NAME = AppIcon;
				INFOPLIST_FILE = HOIH/Info.plist;
				LD_RUNPATH_SEARCH_PATHS = "$(inherited) @executable_path/Frameworks";
				PRODUCT_BUNDLE_IDENTIFIER = LCZ.HOIH;
				PRODUCT_NAME = "$(TARGET_NAME)";
			};
			name = Release;
		};
		94BB08491CF888D6006B477F /* Debug */ = {
			isa = XCBuildConfiguration;
			buildSettings = {
				BUNDLE_LOADER = "$(TEST_HOST)";
				INFOPLIST_FILE = HOIHTests/Info.plist;
				LD_RUNPATH_SEARCH_PATHS = "$(inherited) @executable_path/Frameworks @loader_path/Frameworks";
				PRODUCT_BUNDLE_IDENTIFIER = LCZ.HOIHTests;
				PRODUCT_NAME = "$(TARGET_NAME)";
				TEST_HOST = "$(BUILT_PRODUCTS_DIR)/HOIH.app/HOIH";
			};
			name = Debug;
		};
		94BB084A1CF888D6006B477F /* Release */ = {
			isa = XCBuildConfiguration;
			buildSettings = {
				BUNDLE_LOADER = "$(TEST_HOST)";
				INFOPLIST_FILE = HOIHTests/Info.plist;
				LD_RUNPATH_SEARCH_PATHS = "$(inherited) @executable_path/Frameworks @loader_path/Frameworks";
				PRODUCT_BUNDLE_IDENTIFIER = LCZ.HOIHTests;
				PRODUCT_NAME = "$(TARGET_NAME)";
				TEST_HOST = "$(BUILT_PRODUCTS_DIR)/HOIH.app/HOIH";
			};
			name = Release;
		};
		94BB084C1CF888D6006B477F /* Debug */ = {
			isa = XCBuildConfiguration;
			buildSettings = {
				INFOPLIST_FILE = HOIHUITests/Info.plist;
				LD_RUNPATH_SEARCH_PATHS = "$(inherited) @executable_path/Frameworks @loader_path/Frameworks";
				PRODUCT_BUNDLE_IDENTIFIER = LCZ.HOIHUITests;
				PRODUCT_NAME = "$(TARGET_NAME)";
				TEST_TARGET_NAME = HOIH;
			};
			name = Debug;
		};
		94BB084D1CF888D6006B477F /* Release */ = {
			isa = XCBuildConfiguration;
			buildSettings = {
				INFOPLIST_FILE = HOIHUITests/Info.plist;
				LD_RUNPATH_SEARCH_PATHS = "$(inherited) @executable_path/Frameworks @loader_path/Frameworks";
				PRODUCT_BUNDLE_IDENTIFIER = LCZ.HOIHUITests;
				PRODUCT_NAME = "$(TARGET_NAME)";
				TEST_TARGET_NAME = HOIH;
			};
			name = Release;
		};
/* End XCBuildConfiguration section */

/* Begin XCConfigurationList section */
		94BB08101CF888D5006B477F /* Build configuration list for PBXProject "HOIH" */ = {
			isa = XCConfigurationList;
			buildConfigurations = (
				94BB08431CF888D6006B477F /* Debug */,
				94BB08441CF888D6006B477F /* Release */,
			);
			defaultConfigurationIsVisible = 0;
			defaultConfigurationName = Release;
		};
		94BB08451CF888D6006B477F /* Build configuration list for PBXNativeTarget "HOIH" */ = {
			isa = XCConfigurationList;
			buildConfigurations = (
				94BB08461CF888D6006B477F /* Debug */,
				94BB08471CF888D6006B477F /* Release */,
			);
			defaultConfigurationIsVisible = 0;
			defaultConfigurationName = Release;
		};
		94BB08481CF888D6006B477F /* Build configuration list for PBXNativeTarget "HOIHTests" */ = {
			isa = XCConfigurationList;
			buildConfigurations = (
				94BB08491CF888D6006B477F /* Debug */,
				94BB084A1CF888D6006B477F /* Release */,
			);
			defaultConfigurationIsVisible = 0;
			defaultConfigurationName = Release;
		};
		94BB084B1CF888D6006B477F /* Build configuration list for PBXNativeTarget "HOIHUITests" */ = {
			isa = XCConfigurationList;
			buildConfigurations = (
				94BB084C1CF888D6006B477F /* Debug */,
				94BB084D1CF888D6006B477F /* Release */,
			);
			defaultConfigurationIsVisible = 0;
			defaultConfigurationName = Release;
		};
/* End XCConfigurationList section */

/* Begin XCVersionGroup section */
		94BB08241CF888D6006B477F /* HOIH.xcdatamodeld */ = {
			isa = XCVersionGroup;
			children = (
				94BB08251CF888D6006B477F /* HOIH.xcdatamodel */,
			);
			currentVersion = 94BB08251CF888D6006B477F /* HOIH.xcdatamodel */;
			path = HOIH.xcdatamodeld;
			sourceTree = "<group>";
			versionGroupType = wrapper.xcdatamodel;
		};
/* End XCVersionGroup section */
	};
	rootObject = 94BB080D1CF888D5006B477F /* Project object */;
}
